
Microsoft Visual Studio Solution File, Format Version 12.00
# Visual Studio 15
VisualStudioVersion = 15.0.26730.8
MinimumVisualStudioVersion = 10.0.40219.1
Project("{8BC9CEB8-8B4A-11D0-8D11-00A0C91BC942}") = "Ad hoc", "Ad hoc\Ad hoc.vcxproj", "{098B0195-6E71-4A2C-A89F-39DECB147D88}"
EndProject
Project("{8BC9CEB8-8B4A-11D0-8D11-00A0C91BC942}") = "Bridge hand evaluator", "Bridge hand evaluator\Bridge hand evaluator.vcxproj", "{9A037B30-DAE8-49E8-938B-8EF5FA76C914}"
EndProject
Project("{8BC9CEB8-8B4A-11D0-8D11-00A0C91BC942}") = "What is the card", "What is the card\What is the card.vcxproj", "{8F21720A-8F17-40BF-A830-7F40F7E69E18}"
EndProject
Global
	GlobalSection(SolutionConfigurationPlatforms) = preSolution
		Debug|x64 = Debug|x64
		Debug|x86 = Debug|x86
		Release|x64 = Release|x64
		Release|x86 = Release|x86
	EndGlobalSection
	GlobalSection(ProjectConfigurationPlatforms) = postSolution
		{098B0195-6E71-4A2C-A89F-39DECB147D88}.Debug|x64.ActiveCfg = Debug|x64
		{098B0195-6E71-4A2C-A89F-39DECB147D88}.Debug|x64.Build.0 = Debug|x64
		{098B0195-6E71-4A2C-A89F-39DECB147D88}.Debug|x86.ActiveCfg = Debug|Win32
		{098B0195-6E71-4A2C-A89F-39DECB147D88}.Debug|x86.Build.0 = Debug|Win32
		{098B0195-6E71-4A2C-A89F-39DECB147D88}.Release|x64.ActiveCfg = Release|x64
		{098B0195-6E71-4A2C-A89F-39DECB147D88}.Release|x64.Build.0 = Release|x64
		{098B0195-6E71-4A2C-A89F-39DECB147D88}.Release|x86.ActiveCfg = Release|Win32
		{098B0195-6E71-4A2C-A89F-39DECB147D88}.Release|x86.Build.0 = Release|Win32
		{9A037B30-DAE8-49E8-938B-8EF5FA76C914}.Debug|x64.ActiveCfg = Debug|x64
		{9A037B30-DAE8-49E8-938B-8EF5FA76C914}.Debug|x64.Build.0 = Debug|x64
		{9A037B30-DAE8-49E8-938B-8EF5FA76C914}.Debug|x86.ActiveCfg = Debug|Win32
		{9A037B30-DAE8-49E8-938B-8EF5FA76C914}.Debug|x86.Build.0 = Debug|Win32
		{9A037B30-DAE8-49E8-938B-8EF5FA76C914}.Release|x64.ActiveCfg = Release|x64
		{9A037B30-DAE8-49E8-938B-8EF5FA76C914}.Release|x64.Build.0 = Release|x64
		{9A037B30-DAE8-49E8-938B-8EF5FA76C914}.Release|x86.ActiveCfg = Release|Win32
		{9A037B30-DAE8-49E8-938B-8EF5FA76C914}.Release|x86.Build.0 = Release|Win32
		{8F21720A-8F17-40BF-A830-7F40F7E69E18}.Debug|x64.ActiveCfg = Debug|x64
		{8F21720A-8F17-40BF-A830-7F40F7E69E18}.Debug|x64.Build.0 = Debug|x64
		{8F21720A-8F17-40BF-A830-7F40F7E69E18}.Debug|x86.ActiveCfg = Debug|Win32
		{8F21720A-8F17-40BF-A830-7F40F7E69E18}.Debug|x86.Build.0 = Debug|Win32
		{8F21720A-8F17-40BF-A830-7F40F7E69E18}.Release|x64.ActiveCfg = Release|x64
		{8F21720A-8F17-40BF-A830-7F40F7E69E18}.Release|x64.Build.0 = Release|x64
		{8F21720A-8F17-40BF-A830-7F40F7E69E18}.Release|x86.ActiveCfg = Release|Win32
		{8F21720A-8F17-40BF-A830-7F40F7E69E18}.Release|x86.Build.0 = Release|Win32
	EndGlobalSection
	GlobalSection(SolutionProperties) = preSolution
		HideSolutionNode = FALSE
	EndGlobalSection
	GlobalSection(ExtensibilityGlobals) = postSolution
		SolutionGuid = {8A563FDC-FC16-4174-BDE1-390C37489B7B}
	EndGlobalSection
EndGlobal
