
Microsoft Visual Studio Solution File, Format Version 12.00
# Visual Studio 15
VisualStudioVersion = 15.0.26730.12
MinimumVisualStudioVersion = 10.0.40219.1
Project("{8BC9CEB8-8B4A-11D0-8D11-00A0C91BC942}") = "Bridge hand evaluator", "Bridge hand evaluator\Bridge hand evaluator.vcxproj", "{9A037B30-DAE8-49E8-938B-8EF5FA76C914}"
EndProject
Project("{8BC9CEB8-8B4A-11D0-8D11-00A0C91BC942}") = "What is the card", "What is the card\What is the card.vcxproj", "{8F21720A-8F17-40BF-A830-7F40F7E69E18}"
EndProject
Project("{2150E333-8FDC-42A3-9474-1A3956D46DE8}") = "Card", "Card", "{0ED9E092-0E8A-4104-A647-C28223A0E87E}"
EndProject
Project("{2150E333-8FDC-42A3-9474-1A3956D46DE8}") = "Chess", "Chess", "{A66F1D32-2953-4EB6-8FE7-146804C9C607}"
EndProject
Project("{8BC9CEB8-8B4A-11D0-8D11-00A0C91BC942}") = "Chess", "Chess\Chess.vcxproj", "{1969EF21-4D9E-463C-AC73-6C4E69B64CC3}"
EndProject
Project("{8BC9CEB8-8B4A-11D0-8D11-00A0C91BC942}") = "How many  knights", "How many  knights\How many  knights.vcxproj", "{0A2DF4C5-9971-4757-90DC-EBF5DADB3243}"
EndProject
Project("{8BC9CEB8-8B4A-11D0-8D11-00A0C91BC942}") = "Chessboard in FEN", "Chessboard in FEN\Chessboard in FEN.vcxproj", "{EE25DA8F-C26C-4D03-82F6-BE64A098E286}"
EndProject
Project("{2150E333-8FDC-42A3-9474-1A3956D46DE8}") = "Others", "Others", "{C9F0A4D5-431D-437A-B3C6-3D4F734D6D34}"
EndProject
Project("{8BC9CEB8-8B4A-11D0-8D11-00A0C91BC942}") = "Hangman judge", "Hangman judge\Hangman judge.vcxproj", "{860E8C58-4377-4B3B-9FDA-724A4C0B81A5}"
EndProject
Project("{8BC9CEB8-8B4A-11D0-8D11-00A0C91BC942}") = "Minesweeper", "Minesweeper\Minesweeper.vcxproj", "{65F4BAFA-988F-426E-990A-E3F9B84CA869}"
EndProject
Project("{8BC9CEB8-8B4A-11D0-8D11-00A0C91BC942}") = "Snakes and ladders", "Snakes and ladders\Snakes and ladders.vcxproj", "{B567076B-079D-4FBA-95E6-81F285A9039F}"
EndProject
Project("{8BC9CEB8-8B4A-11D0-8D11-00A0C91BC942}") = "Bowling", "Bowling\Bowling.vcxproj", "{3F6117C7-2F46-42BA-BD2A-75083E0962C4}"
EndProject
Project("{8BC9CEB8-8B4A-11D0-8D11-00A0C91BC942}") = "Traditional BINGO", "Traditional BINGO\Traditional BINGO.vcxproj", "{A18B2535-52CE-41FE-BD62-661883F3E1F9}"
EndProject
Project("{2150E333-8FDC-42A3-9474-1A3956D46DE8}") = "Palindrome", "Palindrome", "{0418AA88-7089-428B-B4B7-986306B61251}"
EndProject
Project("{8BC9CEB8-8B4A-11D0-8D11-00A0C91BC942}") = "Palindromes", "Palindromes\Palindromes.vcxproj", "{B3082B0F-EF16-4D6D-90DF-7A31B4835C79}"
EndProject
Project("{8BC9CEB8-8B4A-11D0-8D11-00A0C91BC942}") = "Mother bear", "Mother bear\Mother bear.vcxproj", "{BA0730F4-8E50-444E-80D3-1B32C3A0335B}"
EndProject
Project("{8BC9CEB8-8B4A-11D0-8D11-00A0C91BC942}") = "Magic square palindromes", "Magic square palindromes\Magic square palindromes.vcxproj", "{706EECAD-1CF3-4033-ABA7-E45A86186DBF}"
EndProject
Project("{2150E333-8FDC-42A3-9474-1A3956D46DE8}") = "Anagram", "Anagram", "{80464037-0977-4FD4-B4AF-888F105B6E7F}"
EndProject
Project("{8BC9CEB8-8B4A-11D0-8D11-00A0C91BC942}") = "Ananagrams", "Ananagrams\Ananagrams.vcxproj", "{DB312608-72CE-4101-A2C4-EF5A77568392}"
EndProject
Project("{8BC9CEB8-8B4A-11D0-8D11-00A0C91BC942}") = "Anagram", "Anagram\Anagram.vcxproj", "{51D185C3-2780-4A43-BD08-571766F03C1A}"
EndProject
Project("{8BC9CEB8-8B4A-11D0-8D11-00A0C91BC942}") = "Anagrams", "Anagrams\Anagrams.vcxproj", "{31195158-BE33-450A-BFAA-B8560BB22D92}"
EndProject
Project("{2150E333-8FDC-42A3-9474-1A3956D46DE8}") = "Real life problems", "Real life problems", "{302736F1-29B8-42FD-B63D-749BB048CC6E}"
EndProject
Project("{8BC9CEB8-8B4A-11D0-8D11-00A0C91BC942}") = "Booklet printing", "Booklet printing\Booklet printing.vcxproj", "{E39B1053-EB23-42AC-9D0F-EF10035C9205}"
EndProject
Project("{8BC9CEB8-8B4A-11D0-8D11-00A0C91BC942}") = "Beat the spread", "Beat the spread\Beat the spread.vcxproj", "{B3DC5C1C-4989-4476-9FFA-558F1A0686FA}"
EndProject
Project("{8BC9CEB8-8B4A-11D0-8D11-00A0C91BC942}") = "Traffic lights", "Traffic lights\Traffic lights.vcxproj", "{4FEB98C5-41D7-4E86-92C0-4F97513BE20D}"
EndProject
Project("{8BC9CEB8-8B4A-11D0-8D11-00A0C91BC942}") = "Postscript", "Postscript\Postscript.vcxproj", "{11AEDC33-827C-4A3D-A507-6D3742BEE15B}"
EndProject
Project("{8BC9CEB8-8B4A-11D0-8D11-00A0C91BC942}") = "Counterfeit dollar", "Counterfeit dollar\Counterfeit dollar.vcxproj", "{C19E5E91-FB0B-4CD5-A1DA-45D3285B0445}"
EndProject
Global
	GlobalSection(SolutionConfigurationPlatforms) = preSolution
		Debug|x64 = Debug|x64
		Debug|x86 = Debug|x86
		Release|x64 = Release|x64
		Release|x86 = Release|x86
	EndGlobalSection
	GlobalSection(ProjectConfigurationPlatforms) = postSolution
		{9A037B30-DAE8-49E8-938B-8EF5FA76C914}.Debug|x64.ActiveCfg = Debug|x64
		{9A037B30-DAE8-49E8-938B-8EF5FA76C914}.Debug|x64.Build.0 = Debug|x64
		{9A037B30-DAE8-49E8-938B-8EF5FA76C914}.Debug|x86.ActiveCfg = Debug|Win32
		{9A037B30-DAE8-49E8-938B-8EF5FA76C914}.Debug|x86.Build.0 = Debug|Win32
		{9A037B30-DAE8-49E8-938B-8EF5FA76C914}.Release|x64.ActiveCfg = Release|x64
		{9A037B30-DAE8-49E8-938B-8EF5FA76C914}.Release|x64.Build.0 = Release|x64
		{9A037B30-DAE8-49E8-938B-8EF5FA76C914}.Release|x86.ActiveCfg = Release|Win32
		{9A037B30-DAE8-49E8-938B-8EF5FA76C914}.Release|x86.Build.0 = Release|Win32
		{8F21720A-8F17-40BF-A830-7F40F7E69E18}.Debug|x64.ActiveCfg = Debug|x64
		{8F21720A-8F17-40BF-A830-7F40F7E69E18}.Debug|x64.Build.0 = Debug|x64
		{8F21720A-8F17-40BF-A830-7F40F7E69E18}.Debug|x86.ActiveCfg = Debug|Win32
		{8F21720A-8F17-40BF-A830-7F40F7E69E18}.Debug|x86.Build.0 = Debug|Win32
		{8F21720A-8F17-40BF-A830-7F40F7E69E18}.Release|x64.ActiveCfg = Release|x64
		{8F21720A-8F17-40BF-A830-7F40F7E69E18}.Release|x64.Build.0 = Release|x64
		{8F21720A-8F17-40BF-A830-7F40F7E69E18}.Release|x86.ActiveCfg = Release|Win32
		{8F21720A-8F17-40BF-A830-7F40F7E69E18}.Release|x86.Build.0 = Release|Win32
		{1969EF21-4D9E-463C-AC73-6C4E69B64CC3}.Debug|x64.ActiveCfg = Debug|x64
		{1969EF21-4D9E-463C-AC73-6C4E69B64CC3}.Debug|x64.Build.0 = Debug|x64
		{1969EF21-4D9E-463C-AC73-6C4E69B64CC3}.Debug|x86.ActiveCfg = Debug|Win32
		{1969EF21-4D9E-463C-AC73-6C4E69B64CC3}.Debug|x86.Build.0 = Debug|Win32
		{1969EF21-4D9E-463C-AC73-6C4E69B64CC3}.Release|x64.ActiveCfg = Release|x64
		{1969EF21-4D9E-463C-AC73-6C4E69B64CC3}.Release|x64.Build.0 = Release|x64
		{1969EF21-4D9E-463C-AC73-6C4E69B64CC3}.Release|x86.ActiveCfg = Release|Win32
		{1969EF21-4D9E-463C-AC73-6C4E69B64CC3}.Release|x86.Build.0 = Release|Win32
		{0A2DF4C5-9971-4757-90DC-EBF5DADB3243}.Debug|x64.ActiveCfg = Debug|x64
		{0A2DF4C5-9971-4757-90DC-EBF5DADB3243}.Debug|x64.Build.0 = Debug|x64
		{0A2DF4C5-9971-4757-90DC-EBF5DADB3243}.Debug|x86.ActiveCfg = Debug|Win32
		{0A2DF4C5-9971-4757-90DC-EBF5DADB3243}.Debug|x86.Build.0 = Debug|Win32
		{0A2DF4C5-9971-4757-90DC-EBF5DADB3243}.Release|x64.ActiveCfg = Release|x64
		{0A2DF4C5-9971-4757-90DC-EBF5DADB3243}.Release|x64.Build.0 = Release|x64
		{0A2DF4C5-9971-4757-90DC-EBF5DADB3243}.Release|x86.ActiveCfg = Release|Win32
		{0A2DF4C5-9971-4757-90DC-EBF5DADB3243}.Release|x86.Build.0 = Release|Win32
		{EE25DA8F-C26C-4D03-82F6-BE64A098E286}.Debug|x64.ActiveCfg = Debug|x64
		{EE25DA8F-C26C-4D03-82F6-BE64A098E286}.Debug|x64.Build.0 = Debug|x64
		{EE25DA8F-C26C-4D03-82F6-BE64A098E286}.Debug|x86.ActiveCfg = Debug|Win32
		{EE25DA8F-C26C-4D03-82F6-BE64A098E286}.Debug|x86.Build.0 = Debug|Win32
		{EE25DA8F-C26C-4D03-82F6-BE64A098E286}.Release|x64.ActiveCfg = Release|x64
		{EE25DA8F-C26C-4D03-82F6-BE64A098E286}.Release|x64.Build.0 = Release|x64
		{EE25DA8F-C26C-4D03-82F6-BE64A098E286}.Release|x86.ActiveCfg = Release|Win32
		{EE25DA8F-C26C-4D03-82F6-BE64A098E286}.Release|x86.Build.0 = Release|Win32
		{860E8C58-4377-4B3B-9FDA-724A4C0B81A5}.Debug|x64.ActiveCfg = Debug|x64
		{860E8C58-4377-4B3B-9FDA-724A4C0B81A5}.Debug|x64.Build.0 = Debug|x64
		{860E8C58-4377-4B3B-9FDA-724A4C0B81A5}.Debug|x86.ActiveCfg = Debug|Win32
		{860E8C58-4377-4B3B-9FDA-724A4C0B81A5}.Debug|x86.Build.0 = Debug|Win32
		{860E8C58-4377-4B3B-9FDA-724A4C0B81A5}.Release|x64.ActiveCfg = Release|x64
		{860E8C58-4377-4B3B-9FDA-724A4C0B81A5}.Release|x64.Build.0 = Release|x64
		{860E8C58-4377-4B3B-9FDA-724A4C0B81A5}.Release|x86.ActiveCfg = Release|Win32
		{860E8C58-4377-4B3B-9FDA-724A4C0B81A5}.Release|x86.Build.0 = Release|Win32
		{65F4BAFA-988F-426E-990A-E3F9B84CA869}.Debug|x64.ActiveCfg = Debug|x64
		{65F4BAFA-988F-426E-990A-E3F9B84CA869}.Debug|x64.Build.0 = Debug|x64
		{65F4BAFA-988F-426E-990A-E3F9B84CA869}.Debug|x86.ActiveCfg = Debug|Win32
		{65F4BAFA-988F-426E-990A-E3F9B84CA869}.Debug|x86.Build.0 = Debug|Win32
		{65F4BAFA-988F-426E-990A-E3F9B84CA869}.Release|x64.ActiveCfg = Release|x64
		{65F4BAFA-988F-426E-990A-E3F9B84CA869}.Release|x64.Build.0 = Release|x64
		{65F4BAFA-988F-426E-990A-E3F9B84CA869}.Release|x86.ActiveCfg = Release|Win32
		{65F4BAFA-988F-426E-990A-E3F9B84CA869}.Release|x86.Build.0 = Release|Win32
		{B567076B-079D-4FBA-95E6-81F285A9039F}.Debug|x64.ActiveCfg = Debug|x64
		{B567076B-079D-4FBA-95E6-81F285A9039F}.Debug|x64.Build.0 = Debug|x64
		{B567076B-079D-4FBA-95E6-81F285A9039F}.Debug|x86.ActiveCfg = Debug|Win32
		{B567076B-079D-4FBA-95E6-81F285A9039F}.Debug|x86.Build.0 = Debug|Win32
		{B567076B-079D-4FBA-95E6-81F285A9039F}.Release|x64.ActiveCfg = Release|x64
		{B567076B-079D-4FBA-95E6-81F285A9039F}.Release|x64.Build.0 = Release|x64
		{B567076B-079D-4FBA-95E6-81F285A9039F}.Release|x86.ActiveCfg = Release|Win32
		{B567076B-079D-4FBA-95E6-81F285A9039F}.Release|x86.Build.0 = Release|Win32
		{3F6117C7-2F46-42BA-BD2A-75083E0962C4}.Debug|x64.ActiveCfg = Debug|x64
		{3F6117C7-2F46-42BA-BD2A-75083E0962C4}.Debug|x64.Build.0 = Debug|x64
		{3F6117C7-2F46-42BA-BD2A-75083E0962C4}.Debug|x86.ActiveCfg = Debug|Win32
		{3F6117C7-2F46-42BA-BD2A-75083E0962C4}.Debug|x86.Build.0 = Debug|Win32
		{3F6117C7-2F46-42BA-BD2A-75083E0962C4}.Release|x64.ActiveCfg = Release|x64
		{3F6117C7-2F46-42BA-BD2A-75083E0962C4}.Release|x64.Build.0 = Release|x64
		{3F6117C7-2F46-42BA-BD2A-75083E0962C4}.Release|x86.ActiveCfg = Release|Win32
		{3F6117C7-2F46-42BA-BD2A-75083E0962C4}.Release|x86.Build.0 = Release|Win32
		{A18B2535-52CE-41FE-BD62-661883F3E1F9}.Debug|x64.ActiveCfg = Debug|x64
		{A18B2535-52CE-41FE-BD62-661883F3E1F9}.Debug|x64.Build.0 = Debug|x64
		{A18B2535-52CE-41FE-BD62-661883F3E1F9}.Debug|x86.ActiveCfg = Debug|Win32
		{A18B2535-52CE-41FE-BD62-661883F3E1F9}.Debug|x86.Build.0 = Debug|Win32
		{A18B2535-52CE-41FE-BD62-661883F3E1F9}.Release|x64.ActiveCfg = Release|x64
		{A18B2535-52CE-41FE-BD62-661883F3E1F9}.Release|x64.Build.0 = Release|x64
		{A18B2535-52CE-41FE-BD62-661883F3E1F9}.Release|x86.ActiveCfg = Release|Win32
		{A18B2535-52CE-41FE-BD62-661883F3E1F9}.Release|x86.Build.0 = Release|Win32
		{B3082B0F-EF16-4D6D-90DF-7A31B4835C79}.Debug|x64.ActiveCfg = Debug|x64
		{B3082B0F-EF16-4D6D-90DF-7A31B4835C79}.Debug|x64.Build.0 = Debug|x64
		{B3082B0F-EF16-4D6D-90DF-7A31B4835C79}.Debug|x86.ActiveCfg = Debug|Win32
		{B3082B0F-EF16-4D6D-90DF-7A31B4835C79}.Debug|x86.Build.0 = Debug|Win32
		{B3082B0F-EF16-4D6D-90DF-7A31B4835C79}.Release|x64.ActiveCfg = Release|x64
		{B3082B0F-EF16-4D6D-90DF-7A31B4835C79}.Release|x64.Build.0 = Release|x64
		{B3082B0F-EF16-4D6D-90DF-7A31B4835C79}.Release|x86.ActiveCfg = Release|Win32
		{B3082B0F-EF16-4D6D-90DF-7A31B4835C79}.Release|x86.Build.0 = Release|Win32
		{BA0730F4-8E50-444E-80D3-1B32C3A0335B}.Debug|x64.ActiveCfg = Debug|x64
		{BA0730F4-8E50-444E-80D3-1B32C3A0335B}.Debug|x64.Build.0 = Debug|x64
		{BA0730F4-8E50-444E-80D3-1B32C3A0335B}.Debug|x86.ActiveCfg = Debug|Win32
		{BA0730F4-8E50-444E-80D3-1B32C3A0335B}.Debug|x86.Build.0 = Debug|Win32
		{BA0730F4-8E50-444E-80D3-1B32C3A0335B}.Release|x64.ActiveCfg = Release|x64
		{BA0730F4-8E50-444E-80D3-1B32C3A0335B}.Release|x64.Build.0 = Release|x64
		{BA0730F4-8E50-444E-80D3-1B32C3A0335B}.Release|x86.ActiveCfg = Release|Win32
		{BA0730F4-8E50-444E-80D3-1B32C3A0335B}.Release|x86.Build.0 = Release|Win32
		{706EECAD-1CF3-4033-ABA7-E45A86186DBF}.Debug|x64.ActiveCfg = Debug|x64
		{706EECAD-1CF3-4033-ABA7-E45A86186DBF}.Debug|x64.Build.0 = Debug|x64
		{706EECAD-1CF3-4033-ABA7-E45A86186DBF}.Debug|x86.ActiveCfg = Debug|Win32
		{706EECAD-1CF3-4033-ABA7-E45A86186DBF}.Debug|x86.Build.0 = Debug|Win32
		{706EECAD-1CF3-4033-ABA7-E45A86186DBF}.Release|x64.ActiveCfg = Release|x64
		{706EECAD-1CF3-4033-ABA7-E45A86186DBF}.Release|x64.Build.0 = Release|x64
		{706EECAD-1CF3-4033-ABA7-E45A86186DBF}.Release|x86.ActiveCfg = Release|Win32
		{706EECAD-1CF3-4033-ABA7-E45A86186DBF}.Release|x86.Build.0 = Release|Win32
		{DB312608-72CE-4101-A2C4-EF5A77568392}.Debug|x64.ActiveCfg = Debug|x64
		{DB312608-72CE-4101-A2C4-EF5A77568392}.Debug|x64.Build.0 = Debug|x64
		{DB312608-72CE-4101-A2C4-EF5A77568392}.Debug|x86.ActiveCfg = Debug|Win32
		{DB312608-72CE-4101-A2C4-EF5A77568392}.Debug|x86.Build.0 = Debug|Win32
		{DB312608-72CE-4101-A2C4-EF5A77568392}.Release|x64.ActiveCfg = Release|x64
		{DB312608-72CE-4101-A2C4-EF5A77568392}.Release|x64.Build.0 = Release|x64
		{DB312608-72CE-4101-A2C4-EF5A77568392}.Release|x86.ActiveCfg = Release|Win32
		{DB312608-72CE-4101-A2C4-EF5A77568392}.Release|x86.Build.0 = Release|Win32
		{51D185C3-2780-4A43-BD08-571766F03C1A}.Debug|x64.ActiveCfg = Debug|x64
		{51D185C3-2780-4A43-BD08-571766F03C1A}.Debug|x64.Build.0 = Debug|x64
		{51D185C3-2780-4A43-BD08-571766F03C1A}.Debug|x86.ActiveCfg = Debug|Win32
		{51D185C3-2780-4A43-BD08-571766F03C1A}.Debug|x86.Build.0 = Debug|Win32
		{51D185C3-2780-4A43-BD08-571766F03C1A}.Release|x64.ActiveCfg = Release|x64
		{51D185C3-2780-4A43-BD08-571766F03C1A}.Release|x64.Build.0 = Release|x64
		{51D185C3-2780-4A43-BD08-571766F03C1A}.Release|x86.ActiveCfg = Release|Win32
		{51D185C3-2780-4A43-BD08-571766F03C1A}.Release|x86.Build.0 = Release|Win32
		{31195158-BE33-450A-BFAA-B8560BB22D92}.Debug|x64.ActiveCfg = Debug|x64
		{31195158-BE33-450A-BFAA-B8560BB22D92}.Debug|x64.Build.0 = Debug|x64
		{31195158-BE33-450A-BFAA-B8560BB22D92}.Debug|x86.ActiveCfg = Debug|Win32
		{31195158-BE33-450A-BFAA-B8560BB22D92}.Debug|x86.Build.0 = Debug|Win32
		{31195158-BE33-450A-BFAA-B8560BB22D92}.Release|x64.ActiveCfg = Release|x64
		{31195158-BE33-450A-BFAA-B8560BB22D92}.Release|x64.Build.0 = Release|x64
		{31195158-BE33-450A-BFAA-B8560BB22D92}.Release|x86.ActiveCfg = Release|Win32
		{31195158-BE33-450A-BFAA-B8560BB22D92}.Release|x86.Build.0 = Release|Win32
		{E39B1053-EB23-42AC-9D0F-EF10035C9205}.Debug|x64.ActiveCfg = Debug|x64
		{E39B1053-EB23-42AC-9D0F-EF10035C9205}.Debug|x64.Build.0 = Debug|x64
		{E39B1053-EB23-42AC-9D0F-EF10035C9205}.Debug|x86.ActiveCfg = Debug|Win32
		{E39B1053-EB23-42AC-9D0F-EF10035C9205}.Debug|x86.Build.0 = Debug|Win32
		{E39B1053-EB23-42AC-9D0F-EF10035C9205}.Release|x64.ActiveCfg = Release|x64
		{E39B1053-EB23-42AC-9D0F-EF10035C9205}.Release|x64.Build.0 = Release|x64
		{E39B1053-EB23-42AC-9D0F-EF10035C9205}.Release|x86.ActiveCfg = Release|Win32
		{E39B1053-EB23-42AC-9D0F-EF10035C9205}.Release|x86.Build.0 = Release|Win32
		{B3DC5C1C-4989-4476-9FFA-558F1A0686FA}.Debug|x64.ActiveCfg = Debug|x64
		{B3DC5C1C-4989-4476-9FFA-558F1A0686FA}.Debug|x64.Build.0 = Debug|x64
		{B3DC5C1C-4989-4476-9FFA-558F1A0686FA}.Debug|x86.ActiveCfg = Debug|Win32
		{B3DC5C1C-4989-4476-9FFA-558F1A0686FA}.Debug|x86.Build.0 = Debug|Win32
		{B3DC5C1C-4989-4476-9FFA-558F1A0686FA}.Release|x64.ActiveCfg = Release|x64
		{B3DC5C1C-4989-4476-9FFA-558F1A0686FA}.Release|x64.Build.0 = Release|x64
		{B3DC5C1C-4989-4476-9FFA-558F1A0686FA}.Release|x86.ActiveCfg = Release|Win32
		{B3DC5C1C-4989-4476-9FFA-558F1A0686FA}.Release|x86.Build.0 = Release|Win32
		{4FEB98C5-41D7-4E86-92C0-4F97513BE20D}.Debug|x64.ActiveCfg = Debug|x64
		{4FEB98C5-41D7-4E86-92C0-4F97513BE20D}.Debug|x64.Build.0 = Debug|x64
		{4FEB98C5-41D7-4E86-92C0-4F97513BE20D}.Debug|x86.ActiveCfg = Debug|Win32
		{4FEB98C5-41D7-4E86-92C0-4F97513BE20D}.Debug|x86.Build.0 = Debug|Win32
		{4FEB98C5-41D7-4E86-92C0-4F97513BE20D}.Release|x64.ActiveCfg = Release|x64
		{4FEB98C5-41D7-4E86-92C0-4F97513BE20D}.Release|x64.Build.0 = Release|x64
		{4FEB98C5-41D7-4E86-92C0-4F97513BE20D}.Release|x86.ActiveCfg = Release|Win32
		{4FEB98C5-41D7-4E86-92C0-4F97513BE20D}.Release|x86.Build.0 = Release|Win32
		{11AEDC33-827C-4A3D-A507-6D3742BEE15B}.Debug|x64.ActiveCfg = Debug|x64
		{11AEDC33-827C-4A3D-A507-6D3742BEE15B}.Debug|x64.Build.0 = Debug|x64
		{11AEDC33-827C-4A3D-A507-6D3742BEE15B}.Debug|x86.ActiveCfg = Debug|Win32
		{11AEDC33-827C-4A3D-A507-6D3742BEE15B}.Debug|x86.Build.0 = Debug|Win32
		{11AEDC33-827C-4A3D-A507-6D3742BEE15B}.Release|x64.ActiveCfg = Release|x64
		{11AEDC33-827C-4A3D-A507-6D3742BEE15B}.Release|x64.Build.0 = Release|x64
		{11AEDC33-827C-4A3D-A507-6D3742BEE15B}.Release|x86.ActiveCfg = Release|Win32
		{11AEDC33-827C-4A3D-A507-6D3742BEE15B}.Release|x86.Build.0 = Release|Win32
		{C19E5E91-FB0B-4CD5-A1DA-45D3285B0445}.Debug|x64.ActiveCfg = Debug|x64
		{C19E5E91-FB0B-4CD5-A1DA-45D3285B0445}.Debug|x64.Build.0 = Debug|x64
		{C19E5E91-FB0B-4CD5-A1DA-45D3285B0445}.Debug|x86.ActiveCfg = Debug|Win32
		{C19E5E91-FB0B-4CD5-A1DA-45D3285B0445}.Debug|x86.Build.0 = Debug|Win32
		{C19E5E91-FB0B-4CD5-A1DA-45D3285B0445}.Release|x64.ActiveCfg = Release|x64
		{C19E5E91-FB0B-4CD5-A1DA-45D3285B0445}.Release|x64.Build.0 = Release|x64
		{C19E5E91-FB0B-4CD5-A1DA-45D3285B0445}.Release|x86.ActiveCfg = Release|Win32
		{C19E5E91-FB0B-4CD5-A1DA-45D3285B0445}.Release|x86.Build.0 = Release|Win32
	EndGlobalSection
	GlobalSection(SolutionProperties) = preSolution
		HideSolutionNode = FALSE
	EndGlobalSection
	GlobalSection(NestedProjects) = preSolution
		{9A037B30-DAE8-49E8-938B-8EF5FA76C914} = {0ED9E092-0E8A-4104-A647-C28223A0E87E}
		{8F21720A-8F17-40BF-A830-7F40F7E69E18} = {0ED9E092-0E8A-4104-A647-C28223A0E87E}
		{1969EF21-4D9E-463C-AC73-6C4E69B64CC3} = {A66F1D32-2953-4EB6-8FE7-146804C9C607}
		{0A2DF4C5-9971-4757-90DC-EBF5DADB3243} = {A66F1D32-2953-4EB6-8FE7-146804C9C607}
		{EE25DA8F-C26C-4D03-82F6-BE64A098E286} = {A66F1D32-2953-4EB6-8FE7-146804C9C607}
		{860E8C58-4377-4B3B-9FDA-724A4C0B81A5} = {C9F0A4D5-431D-437A-B3C6-3D4F734D6D34}
		{65F4BAFA-988F-426E-990A-E3F9B84CA869} = {C9F0A4D5-431D-437A-B3C6-3D4F734D6D34}
		{B567076B-079D-4FBA-95E6-81F285A9039F} = {C9F0A4D5-431D-437A-B3C6-3D4F734D6D34}
		{3F6117C7-2F46-42BA-BD2A-75083E0962C4} = {C9F0A4D5-431D-437A-B3C6-3D4F734D6D34}
		{A18B2535-52CE-41FE-BD62-661883F3E1F9} = {C9F0A4D5-431D-437A-B3C6-3D4F734D6D34}
		{B3082B0F-EF16-4D6D-90DF-7A31B4835C79} = {0418AA88-7089-428B-B4B7-986306B61251}
		{BA0730F4-8E50-444E-80D3-1B32C3A0335B} = {0418AA88-7089-428B-B4B7-986306B61251}
		{706EECAD-1CF3-4033-ABA7-E45A86186DBF} = {0418AA88-7089-428B-B4B7-986306B61251}
		{DB312608-72CE-4101-A2C4-EF5A77568392} = {80464037-0977-4FD4-B4AF-888F105B6E7F}
		{51D185C3-2780-4A43-BD08-571766F03C1A} = {80464037-0977-4FD4-B4AF-888F105B6E7F}
		{31195158-BE33-450A-BFAA-B8560BB22D92} = {80464037-0977-4FD4-B4AF-888F105B6E7F}
		{E39B1053-EB23-42AC-9D0F-EF10035C9205} = {302736F1-29B8-42FD-B63D-749BB048CC6E}
		{B3DC5C1C-4989-4476-9FFA-558F1A0686FA} = {302736F1-29B8-42FD-B63D-749BB048CC6E}
		{4FEB98C5-41D7-4E86-92C0-4F97513BE20D} = {302736F1-29B8-42FD-B63D-749BB048CC6E}
		{11AEDC33-827C-4A3D-A507-6D3742BEE15B} = {302736F1-29B8-42FD-B63D-749BB048CC6E}
		{C19E5E91-FB0B-4CD5-A1DA-45D3285B0445} = {302736F1-29B8-42FD-B63D-749BB048CC6E}
	EndGlobalSection
	GlobalSection(ExtensibilityGlobals) = postSolution
		SolutionGuid = {8A563FDC-FC16-4174-BDE1-390C37489B7B}
	EndGlobalSection
EndGlobal
