
Microsoft Visual Studio Solution File, Format Version 12.00
# Visual Studio 15
VisualStudioVersion = 15.0.27004.2005
MinimumVisualStudioVersion = 10.0.40219.1
Project("{2150E333-8FDC-42A3-9474-1A3956D46DE8}") = "August circuits '17", "August circuits '17", "{F57DBDDD-61B1-4ED7-80FA-CC2AC82BA501}"
EndProject
Project("{8BC9CEB8-8B4A-11D0-8D11-00A0C91BC942}") = "K devices", "K devices\K devices.vcxproj", "{74523AFC-7510-4630-A914-68CCBE475C61}"
EndProject
Project("{2150E333-8FDC-42A3-9474-1A3956D46DE8}") = "September circuits '17", "September circuits '17", "{BB01C777-8318-4F18-94CF-58F796FB73F3}"
EndProject
Project("{8BC9CEB8-8B4A-11D0-8D11-00A0C91BC942}") = "Gary and queries", "Gary and queries\Gary and queries.vcxproj", "{A10648DA-D1E8-4B57-8567-F6B505C82AAC}"
EndProject
Project("{8BC9CEB8-8B4A-11D0-8D11-00A0C91BC942}") = "Coin game", "Coin game\Coin game.vcxproj", "{230868EC-1BB7-43E0-A19E-9441A5E40BB8}"
EndProject
Project("{8BC9CEB8-8B4A-11D0-8D11-00A0C91BC942}") = "Bricks and building", "Bricks and building\Bricks and building.vcxproj", "{63BD5728-5ADD-4D60-8A63-2FE4EDBDAD7A}"
EndProject
Project("{8BC9CEB8-8B4A-11D0-8D11-00A0C91BC942}") = "Little shino and k ancestors", "Little shino and k ancestors\Little shino and k ancestors.vcxproj", "{E82DAF31-CFAF-460C-AE04-D35092A0E6EF}"
EndProject
Project("{8BC9CEB8-8B4A-11D0-8D11-00A0C91BC942}") = "Little shino and number of divisors", "Little shino and number of divisors\Little shino and number of divisors.vcxproj", "{45444B8B-4D76-4F53-ACE3-26D6765AFE36}"
EndProject
Project("{2150E333-8FDC-42A3-9474-1A3956D46DE8}") = "Bit manipulation", "Bit manipulation", "{8F92EF18-A6A1-4B14-8B1B-AF58960933AF}"
EndProject
Project("{8BC9CEB8-8B4A-11D0-8D11-00A0C91BC942}") = "Count the bits", "Count the bits\Count the bits.vcxproj", "{F07F65B7-F475-4717-9DF4-7CCA77A8623A}"
EndProject
Project("{8BC9CEB8-8B4A-11D0-8D11-00A0C91BC942}") = "Monk and the box of cookies", "Monk and the box of cookies\Monk and the box of cookies.vcxproj", "{7F6F32F4-6D2C-4089-99AD-10695E6B22FD}"
EndProject
Project("{8BC9CEB8-8B4A-11D0-8D11-00A0C91BC942}") = "Subham and binary strings", "Subham and binary strings\Subham and binary strings.vcxproj", "{93194901-8C16-4F9D-B1A3-8418C4616767}"
EndProject
Project("{8BC9CEB8-8B4A-11D0-8D11-00A0C91BC942}") = "Jarvis and lone integer", "Jarvis and lone integer\Jarvis and lone integer.vcxproj", "{E0D7F13F-81B4-4000-A75B-169C03788F19}"
EndProject
Project("{8BC9CEB8-8B4A-11D0-8D11-00A0C91BC942}") = "Sherlock and XOR", "Sherlock and XOR\Sherlock and XOR.vcxproj", "{F91ED106-757D-47FB-9D90-FCE142E08A24}"
EndProject
Project("{2150E333-8FDC-42A3-9474-1A3956D46DE8}") = "October circuits '17", "October circuits '17", "{C66B7E51-7EDD-4737-8755-9580B5F4E891}"
EndProject
Project("{8BC9CEB8-8B4A-11D0-8D11-00A0C91BC942}") = "Card game", "Card game\Card game.vcxproj", "{8C5B73E6-E2EF-4EAC-BD98-A1FDC2193B5F}"
EndProject
Project("{8BC9CEB8-8B4A-11D0-8D11-00A0C91BC942}") = "Polynomial sign", "Polynomial sign\Polynomial sign.vcxproj", "{479B372A-F815-4E14-B536-079B041D9BAA}"
EndProject
Project("{2150E333-8FDC-42A3-9474-1A3956D46DE8}") = "October circuits '18", "October circuits '18", "{083B7D73-B920-4767-9A2C-36167F17A099}"
EndProject
Project("{8BC9CEB8-8B4A-11D0-8D11-00A0C91BC942}") = "Quesion paper", "Quesion paper\Quesion paper.vcxproj", "{7D524A59-E223-45DF-A952-D3BCE35C104A}"
EndProject
Global
	GlobalSection(SolutionConfigurationPlatforms) = preSolution
		Debug|x64 = Debug|x64
		Debug|x86 = Debug|x86
		Release|x64 = Release|x64
		Release|x86 = Release|x86
	EndGlobalSection
	GlobalSection(ProjectConfigurationPlatforms) = postSolution
		{74523AFC-7510-4630-A914-68CCBE475C61}.Debug|x64.ActiveCfg = Debug|x64
		{74523AFC-7510-4630-A914-68CCBE475C61}.Debug|x64.Build.0 = Debug|x64
		{74523AFC-7510-4630-A914-68CCBE475C61}.Debug|x86.ActiveCfg = Debug|Win32
		{74523AFC-7510-4630-A914-68CCBE475C61}.Debug|x86.Build.0 = Debug|Win32
		{74523AFC-7510-4630-A914-68CCBE475C61}.Release|x64.ActiveCfg = Release|x64
		{74523AFC-7510-4630-A914-68CCBE475C61}.Release|x64.Build.0 = Release|x64
		{74523AFC-7510-4630-A914-68CCBE475C61}.Release|x86.ActiveCfg = Release|Win32
		{74523AFC-7510-4630-A914-68CCBE475C61}.Release|x86.Build.0 = Release|Win32
		{A10648DA-D1E8-4B57-8567-F6B505C82AAC}.Debug|x64.ActiveCfg = Debug|x64
		{A10648DA-D1E8-4B57-8567-F6B505C82AAC}.Debug|x64.Build.0 = Debug|x64
		{A10648DA-D1E8-4B57-8567-F6B505C82AAC}.Debug|x86.ActiveCfg = Debug|Win32
		{A10648DA-D1E8-4B57-8567-F6B505C82AAC}.Debug|x86.Build.0 = Debug|Win32
		{A10648DA-D1E8-4B57-8567-F6B505C82AAC}.Release|x64.ActiveCfg = Release|x64
		{A10648DA-D1E8-4B57-8567-F6B505C82AAC}.Release|x64.Build.0 = Release|x64
		{A10648DA-D1E8-4B57-8567-F6B505C82AAC}.Release|x86.ActiveCfg = Release|Win32
		{A10648DA-D1E8-4B57-8567-F6B505C82AAC}.Release|x86.Build.0 = Release|Win32
		{230868EC-1BB7-43E0-A19E-9441A5E40BB8}.Debug|x64.ActiveCfg = Debug|x64
		{230868EC-1BB7-43E0-A19E-9441A5E40BB8}.Debug|x64.Build.0 = Debug|x64
		{230868EC-1BB7-43E0-A19E-9441A5E40BB8}.Debug|x86.ActiveCfg = Debug|Win32
		{230868EC-1BB7-43E0-A19E-9441A5E40BB8}.Debug|x86.Build.0 = Debug|Win32
		{230868EC-1BB7-43E0-A19E-9441A5E40BB8}.Release|x64.ActiveCfg = Release|x64
		{230868EC-1BB7-43E0-A19E-9441A5E40BB8}.Release|x64.Build.0 = Release|x64
		{230868EC-1BB7-43E0-A19E-9441A5E40BB8}.Release|x86.ActiveCfg = Release|Win32
		{230868EC-1BB7-43E0-A19E-9441A5E40BB8}.Release|x86.Build.0 = Release|Win32
		{63BD5728-5ADD-4D60-8A63-2FE4EDBDAD7A}.Debug|x64.ActiveCfg = Debug|x64
		{63BD5728-5ADD-4D60-8A63-2FE4EDBDAD7A}.Debug|x64.Build.0 = Debug|x64
		{63BD5728-5ADD-4D60-8A63-2FE4EDBDAD7A}.Debug|x64.Deploy.0 = Debug|x64
		{63BD5728-5ADD-4D60-8A63-2FE4EDBDAD7A}.Debug|x86.ActiveCfg = Debug|Win32
		{63BD5728-5ADD-4D60-8A63-2FE4EDBDAD7A}.Debug|x86.Build.0 = Debug|Win32
		{63BD5728-5ADD-4D60-8A63-2FE4EDBDAD7A}.Debug|x86.Deploy.0 = Debug|Win32
		{63BD5728-5ADD-4D60-8A63-2FE4EDBDAD7A}.Release|x64.ActiveCfg = Release|x64
		{63BD5728-5ADD-4D60-8A63-2FE4EDBDAD7A}.Release|x64.Build.0 = Release|x64
		{63BD5728-5ADD-4D60-8A63-2FE4EDBDAD7A}.Release|x64.Deploy.0 = Release|x64
		{63BD5728-5ADD-4D60-8A63-2FE4EDBDAD7A}.Release|x86.ActiveCfg = Release|Win32
		{63BD5728-5ADD-4D60-8A63-2FE4EDBDAD7A}.Release|x86.Build.0 = Release|Win32
		{63BD5728-5ADD-4D60-8A63-2FE4EDBDAD7A}.Release|x86.Deploy.0 = Release|Win32
		{E82DAF31-CFAF-460C-AE04-D35092A0E6EF}.Debug|x64.ActiveCfg = Debug|x64
		{E82DAF31-CFAF-460C-AE04-D35092A0E6EF}.Debug|x64.Build.0 = Debug|x64
		{E82DAF31-CFAF-460C-AE04-D35092A0E6EF}.Debug|x86.ActiveCfg = Debug|Win32
		{E82DAF31-CFAF-460C-AE04-D35092A0E6EF}.Debug|x86.Build.0 = Debug|Win32
		{E82DAF31-CFAF-460C-AE04-D35092A0E6EF}.Release|x64.ActiveCfg = Release|x64
		{E82DAF31-CFAF-460C-AE04-D35092A0E6EF}.Release|x64.Build.0 = Release|x64
		{E82DAF31-CFAF-460C-AE04-D35092A0E6EF}.Release|x86.ActiveCfg = Release|Win32
		{E82DAF31-CFAF-460C-AE04-D35092A0E6EF}.Release|x86.Build.0 = Release|Win32
		{45444B8B-4D76-4F53-ACE3-26D6765AFE36}.Debug|x64.ActiveCfg = Debug|x64
		{45444B8B-4D76-4F53-ACE3-26D6765AFE36}.Debug|x64.Build.0 = Debug|x64
		{45444B8B-4D76-4F53-ACE3-26D6765AFE36}.Debug|x86.ActiveCfg = Debug|Win32
		{45444B8B-4D76-4F53-ACE3-26D6765AFE36}.Debug|x86.Build.0 = Debug|Win32
		{45444B8B-4D76-4F53-ACE3-26D6765AFE36}.Release|x64.ActiveCfg = Release|x64
		{45444B8B-4D76-4F53-ACE3-26D6765AFE36}.Release|x64.Build.0 = Release|x64
		{45444B8B-4D76-4F53-ACE3-26D6765AFE36}.Release|x86.ActiveCfg = Release|Win32
		{45444B8B-4D76-4F53-ACE3-26D6765AFE36}.Release|x86.Build.0 = Release|Win32
		{F07F65B7-F475-4717-9DF4-7CCA77A8623A}.Debug|x64.ActiveCfg = Debug|x64
		{F07F65B7-F475-4717-9DF4-7CCA77A8623A}.Debug|x64.Build.0 = Debug|x64
		{F07F65B7-F475-4717-9DF4-7CCA77A8623A}.Debug|x86.ActiveCfg = Debug|Win32
		{F07F65B7-F475-4717-9DF4-7CCA77A8623A}.Debug|x86.Build.0 = Debug|Win32
		{F07F65B7-F475-4717-9DF4-7CCA77A8623A}.Release|x64.ActiveCfg = Release|x64
		{F07F65B7-F475-4717-9DF4-7CCA77A8623A}.Release|x64.Build.0 = Release|x64
		{F07F65B7-F475-4717-9DF4-7CCA77A8623A}.Release|x86.ActiveCfg = Release|Win32
		{F07F65B7-F475-4717-9DF4-7CCA77A8623A}.Release|x86.Build.0 = Release|Win32
		{7F6F32F4-6D2C-4089-99AD-10695E6B22FD}.Debug|x64.ActiveCfg = Debug|x64
		{7F6F32F4-6D2C-4089-99AD-10695E6B22FD}.Debug|x64.Build.0 = Debug|x64
		{7F6F32F4-6D2C-4089-99AD-10695E6B22FD}.Debug|x86.ActiveCfg = Debug|Win32
		{7F6F32F4-6D2C-4089-99AD-10695E6B22FD}.Debug|x86.Build.0 = Debug|Win32
		{7F6F32F4-6D2C-4089-99AD-10695E6B22FD}.Release|x64.ActiveCfg = Release|x64
		{7F6F32F4-6D2C-4089-99AD-10695E6B22FD}.Release|x64.Build.0 = Release|x64
		{7F6F32F4-6D2C-4089-99AD-10695E6B22FD}.Release|x86.ActiveCfg = Release|Win32
		{7F6F32F4-6D2C-4089-99AD-10695E6B22FD}.Release|x86.Build.0 = Release|Win32
		{93194901-8C16-4F9D-B1A3-8418C4616767}.Debug|x64.ActiveCfg = Debug|x64
		{93194901-8C16-4F9D-B1A3-8418C4616767}.Debug|x64.Build.0 = Debug|x64
		{93194901-8C16-4F9D-B1A3-8418C4616767}.Debug|x86.ActiveCfg = Debug|Win32
		{93194901-8C16-4F9D-B1A3-8418C4616767}.Debug|x86.Build.0 = Debug|Win32
		{93194901-8C16-4F9D-B1A3-8418C4616767}.Release|x64.ActiveCfg = Release|x64
		{93194901-8C16-4F9D-B1A3-8418C4616767}.Release|x64.Build.0 = Release|x64
		{93194901-8C16-4F9D-B1A3-8418C4616767}.Release|x86.ActiveCfg = Release|Win32
		{93194901-8C16-4F9D-B1A3-8418C4616767}.Release|x86.Build.0 = Release|Win32
		{E0D7F13F-81B4-4000-A75B-169C03788F19}.Debug|x64.ActiveCfg = Debug|x64
		{E0D7F13F-81B4-4000-A75B-169C03788F19}.Debug|x64.Build.0 = Debug|x64
		{E0D7F13F-81B4-4000-A75B-169C03788F19}.Debug|x86.ActiveCfg = Debug|Win32
		{E0D7F13F-81B4-4000-A75B-169C03788F19}.Debug|x86.Build.0 = Debug|Win32
		{E0D7F13F-81B4-4000-A75B-169C03788F19}.Release|x64.ActiveCfg = Release|x64
		{E0D7F13F-81B4-4000-A75B-169C03788F19}.Release|x64.Build.0 = Release|x64
		{E0D7F13F-81B4-4000-A75B-169C03788F19}.Release|x86.ActiveCfg = Release|Win32
		{E0D7F13F-81B4-4000-A75B-169C03788F19}.Release|x86.Build.0 = Release|Win32
		{F91ED106-757D-47FB-9D90-FCE142E08A24}.Debug|x64.ActiveCfg = Debug|x64
		{F91ED106-757D-47FB-9D90-FCE142E08A24}.Debug|x64.Build.0 = Debug|x64
		{F91ED106-757D-47FB-9D90-FCE142E08A24}.Debug|x86.ActiveCfg = Debug|Win32
		{F91ED106-757D-47FB-9D90-FCE142E08A24}.Debug|x86.Build.0 = Debug|Win32
		{F91ED106-757D-47FB-9D90-FCE142E08A24}.Release|x64.ActiveCfg = Release|x64
		{F91ED106-757D-47FB-9D90-FCE142E08A24}.Release|x64.Build.0 = Release|x64
		{F91ED106-757D-47FB-9D90-FCE142E08A24}.Release|x86.ActiveCfg = Release|Win32
		{F91ED106-757D-47FB-9D90-FCE142E08A24}.Release|x86.Build.0 = Release|Win32
		{8C5B73E6-E2EF-4EAC-BD98-A1FDC2193B5F}.Debug|x64.ActiveCfg = Debug|x64
		{8C5B73E6-E2EF-4EAC-BD98-A1FDC2193B5F}.Debug|x64.Build.0 = Debug|x64
		{8C5B73E6-E2EF-4EAC-BD98-A1FDC2193B5F}.Debug|x86.ActiveCfg = Debug|Win32
		{8C5B73E6-E2EF-4EAC-BD98-A1FDC2193B5F}.Debug|x86.Build.0 = Debug|Win32
		{8C5B73E6-E2EF-4EAC-BD98-A1FDC2193B5F}.Release|x64.ActiveCfg = Release|x64
		{8C5B73E6-E2EF-4EAC-BD98-A1FDC2193B5F}.Release|x64.Build.0 = Release|x64
		{8C5B73E6-E2EF-4EAC-BD98-A1FDC2193B5F}.Release|x86.ActiveCfg = Release|Win32
		{8C5B73E6-E2EF-4EAC-BD98-A1FDC2193B5F}.Release|x86.Build.0 = Release|Win32
		{479B372A-F815-4E14-B536-079B041D9BAA}.Debug|x64.ActiveCfg = Debug|x64
		{479B372A-F815-4E14-B536-079B041D9BAA}.Debug|x64.Build.0 = Debug|x64
		{479B372A-F815-4E14-B536-079B041D9BAA}.Debug|x86.ActiveCfg = Debug|Win32
		{479B372A-F815-4E14-B536-079B041D9BAA}.Debug|x86.Build.0 = Debug|Win32
		{479B372A-F815-4E14-B536-079B041D9BAA}.Release|x64.ActiveCfg = Release|x64
		{479B372A-F815-4E14-B536-079B041D9BAA}.Release|x64.Build.0 = Release|x64
		{479B372A-F815-4E14-B536-079B041D9BAA}.Release|x86.ActiveCfg = Release|Win32
		{479B372A-F815-4E14-B536-079B041D9BAA}.Release|x86.Build.0 = Release|Win32
		{7D524A59-E223-45DF-A952-D3BCE35C104A}.Debug|x64.ActiveCfg = Debug|x64
		{7D524A59-E223-45DF-A952-D3BCE35C104A}.Debug|x64.Build.0 = Debug|x64
		{7D524A59-E223-45DF-A952-D3BCE35C104A}.Debug|x86.ActiveCfg = Debug|Win32
		{7D524A59-E223-45DF-A952-D3BCE35C104A}.Debug|x86.Build.0 = Debug|Win32
		{7D524A59-E223-45DF-A952-D3BCE35C104A}.Release|x64.ActiveCfg = Release|x64
		{7D524A59-E223-45DF-A952-D3BCE35C104A}.Release|x64.Build.0 = Release|x64
		{7D524A59-E223-45DF-A952-D3BCE35C104A}.Release|x86.ActiveCfg = Release|Win32
		{7D524A59-E223-45DF-A952-D3BCE35C104A}.Release|x86.Build.0 = Release|Win32
	EndGlobalSection
	GlobalSection(SolutionProperties) = preSolution
		HideSolutionNode = FALSE
	EndGlobalSection
	GlobalSection(NestedProjects) = preSolution
		{74523AFC-7510-4630-A914-68CCBE475C61} = {F57DBDDD-61B1-4ED7-80FA-CC2AC82BA501}
		{A10648DA-D1E8-4B57-8567-F6B505C82AAC} = {F57DBDDD-61B1-4ED7-80FA-CC2AC82BA501}
		{230868EC-1BB7-43E0-A19E-9441A5E40BB8} = {BB01C777-8318-4F18-94CF-58F796FB73F3}
		{63BD5728-5ADD-4D60-8A63-2FE4EDBDAD7A} = {BB01C777-8318-4F18-94CF-58F796FB73F3}
		{E82DAF31-CFAF-460C-AE04-D35092A0E6EF} = {BB01C777-8318-4F18-94CF-58F796FB73F3}
		{45444B8B-4D76-4F53-ACE3-26D6765AFE36} = {BB01C777-8318-4F18-94CF-58F796FB73F3}
		{F07F65B7-F475-4717-9DF4-7CCA77A8623A} = {8F92EF18-A6A1-4B14-8B1B-AF58960933AF}
		{7F6F32F4-6D2C-4089-99AD-10695E6B22FD} = {8F92EF18-A6A1-4B14-8B1B-AF58960933AF}
		{93194901-8C16-4F9D-B1A3-8418C4616767} = {8F92EF18-A6A1-4B14-8B1B-AF58960933AF}
		{E0D7F13F-81B4-4000-A75B-169C03788F19} = {8F92EF18-A6A1-4B14-8B1B-AF58960933AF}
		{F91ED106-757D-47FB-9D90-FCE142E08A24} = {8F92EF18-A6A1-4B14-8B1B-AF58960933AF}
		{8C5B73E6-E2EF-4EAC-BD98-A1FDC2193B5F} = {C66B7E51-7EDD-4737-8755-9580B5F4E891}
		{479B372A-F815-4E14-B536-079B041D9BAA} = {C66B7E51-7EDD-4737-8755-9580B5F4E891}
		{7D524A59-E223-45DF-A952-D3BCE35C104A} = {083B7D73-B920-4767-9A2C-36167F17A099}
	EndGlobalSection
	GlobalSection(ExtensibilityGlobals) = postSolution
		SolutionGuid = {BF4659AF-2246-4E02-843C-40DEAB7C5998}
	EndGlobalSection
EndGlobal
