
Microsoft Visual Studio Solution File, Format Version 12.00
# Visual Studio 15
VisualStudioVersion = 15.0.26730.12
MinimumVisualStudioVersion = 10.0.40219.1
Project("{2150E333-8FDC-42A3-9474-1A3956D46DE8}") = "Ad hoc", "Ad hoc", "{23FA5C8F-E6A4-4601-BA04-5FB3DAE29841}"
EndProject
Project("{8BC9CEB8-8B4A-11D0-8D11-00A0C91BC942}") = "All integer average", "All integer average\All integer average.vcxproj", "{067563D7-95B7-470E-92BC-FE80DDF1A225}"
EndProject
Project("{2150E333-8FDC-42A3-9474-1A3956D46DE8}") = "Anagram", "Anagram", "{A5B073FA-1E25-4BB1-89B5-BE6FF7C48183}"
EndProject
Project("{8BC9CEB8-8B4A-11D0-8D11-00A0C91BC942}") = "Anagram", "Anagram\Anagram.vcxproj", "{51D185C3-2780-4A43-BD08-571766F03C1A}"
EndProject
Project("{8BC9CEB8-8B4A-11D0-8D11-00A0C91BC942}") = "Anagrams", "Anagrams\Anagrams.vcxproj", "{31195158-BE33-450A-BFAA-B8560BB22D92}"
EndProject
Project("{8BC9CEB8-8B4A-11D0-8D11-00A0C91BC942}") = "Ananagrams", "Ananagrams\Ananagrams.vcxproj", "{DB312608-72CE-4101-A2C4-EF5A77568392}"
EndProject
Project("{2150E333-8FDC-42A3-9474-1A3956D46DE8}") = "Card", "Card", "{5CAF2E69-7676-4C53-9369-3E285B71045B}"
EndProject
Project("{8BC9CEB8-8B4A-11D0-8D11-00A0C91BC942}") = "Bridge hand evaluator", "Bridge hand evaluator\Bridge hand evaluator.vcxproj", "{9A037B30-DAE8-49E8-938B-8EF5FA76C914}"
EndProject
Project("{8BC9CEB8-8B4A-11D0-8D11-00A0C91BC942}") = "What is the card", "What is the card\What is the card.vcxproj", "{8F21720A-8F17-40BF-A830-7F40F7E69E18}"
EndProject
Project("{2150E333-8FDC-42A3-9474-1A3956D46DE8}") = "Chess", "Chess", "{7EEDF0CB-C67C-4CB1-92A3-CCFDE6B354BA}"
EndProject
Project("{8BC9CEB8-8B4A-11D0-8D11-00A0C91BC942}") = "Chess", "Chess\Chess.vcxproj", "{1969EF21-4D9E-463C-AC73-6C4E69B64CC3}"
EndProject
Project("{8BC9CEB8-8B4A-11D0-8D11-00A0C91BC942}") = "Chessboard in FEN", "Chessboard in FEN\Chessboard in FEN.vcxproj", "{EE25DA8F-C26C-4D03-82F6-BE64A098E286}"
EndProject
Project("{8BC9CEB8-8B4A-11D0-8D11-00A0C91BC942}") = "How many  knights", "How many  knights\How many  knights.vcxproj", "{0A2DF4C5-9971-4757-90DC-EBF5DADB3243}"
EndProject
Project("{2150E333-8FDC-42A3-9474-1A3956D46DE8}") = "Others", "Others", "{13A1C52F-A8AF-48D9-8E65-83562A71511F}"
EndProject
Project("{8BC9CEB8-8B4A-11D0-8D11-00A0C91BC942}") = "Bowling", "Bowling\Bowling.vcxproj", "{3F6117C7-2F46-42BA-BD2A-75083E0962C4}"
EndProject
Project("{8BC9CEB8-8B4A-11D0-8D11-00A0C91BC942}") = "Hangman judge", "Hangman judge\Hangman judge.vcxproj", "{860E8C58-4377-4B3B-9FDA-724A4C0B81A5}"
EndProject
Project("{8BC9CEB8-8B4A-11D0-8D11-00A0C91BC942}") = "Minesweeper", "Minesweeper\Minesweeper.vcxproj", "{65F4BAFA-988F-426E-990A-E3F9B84CA869}"
EndProject
Project("{8BC9CEB8-8B4A-11D0-8D11-00A0C91BC942}") = "Snakes and ladders", "Snakes and ladders\Snakes and ladders.vcxproj", "{B567076B-079D-4FBA-95E6-81F285A9039F}"
EndProject
Project("{8BC9CEB8-8B4A-11D0-8D11-00A0C91BC942}") = "Traditional BINGO", "Traditional BINGO\Traditional BINGO.vcxproj", "{A18B2535-52CE-41FE-BD62-661883F3E1F9}"
EndProject
Project("{2150E333-8FDC-42A3-9474-1A3956D46DE8}") = "Palindrome", "Palindrome", "{31C47A3F-9228-4887-BFC8-F3E691CF3E36}"
EndProject
Project("{8BC9CEB8-8B4A-11D0-8D11-00A0C91BC942}") = "Magic square palindromes", "Magic square palindromes\Magic square palindromes.vcxproj", "{706EECAD-1CF3-4033-ABA7-E45A86186DBF}"
EndProject
Project("{8BC9CEB8-8B4A-11D0-8D11-00A0C91BC942}") = "Mother bear", "Mother bear\Mother bear.vcxproj", "{BA0730F4-8E50-444E-80D3-1B32C3A0335B}"
EndProject
Project("{8BC9CEB8-8B4A-11D0-8D11-00A0C91BC942}") = "Palindromes", "Palindromes\Palindromes.vcxproj", "{B3082B0F-EF16-4D6D-90DF-7A31B4835C79}"
EndProject
Project("{2150E333-8FDC-42A3-9474-1A3956D46DE8}") = "Real life problems", "Real life problems", "{5F0C0D5D-DBBA-4E20-999A-B1C949F85D63}"
EndProject
Project("{8BC9CEB8-8B4A-11D0-8D11-00A0C91BC942}") = "Beat the spread", "Beat the spread\Beat the spread.vcxproj", "{B3DC5C1C-4989-4476-9FFA-558F1A0686FA}"
EndProject
Project("{8BC9CEB8-8B4A-11D0-8D11-00A0C91BC942}") = "Booklet printing", "Booklet printing\Booklet printing.vcxproj", "{E39B1053-EB23-42AC-9D0F-EF10035C9205}"
EndProject
Project("{8BC9CEB8-8B4A-11D0-8D11-00A0C91BC942}") = "Consanguine calculations", "Consanguine calculations\Consanguine calculations.vcxproj", "{ECD6EC3D-AF1C-45AE-A985-F564CF59AF53}"
EndProject
Project("{8BC9CEB8-8B4A-11D0-8D11-00A0C91BC942}") = "Counterfeit dollar", "Counterfeit dollar\Counterfeit dollar.vcxproj", "{C19E5E91-FB0B-4CD5-A1DA-45D3285B0445}"
EndProject
Project("{8BC9CEB8-8B4A-11D0-8D11-00A0C91BC942}") = "Postscript", "Postscript\Postscript.vcxproj", "{11AEDC33-827C-4A3D-A507-6D3742BEE15B}"
EndProject
Project("{8BC9CEB8-8B4A-11D0-8D11-00A0C91BC942}") = "Traffic lights", "Traffic lights\Traffic lights.vcxproj", "{4FEB98C5-41D7-4E86-92C0-4F97513BE20D}"
EndProject
Project("{2150E333-8FDC-42A3-9474-1A3956D46DE8}") = "Time", "Time", "{F04F9EA7-7A53-4E2F-AEBD-3A24DBF7C00A}"
EndProject
Project("{8BC9CEB8-8B4A-11D0-8D11-00A0C91BC942}") = "Clock hands", "Clock hands\Clock hands.vcxproj", "{0F3A40DC-F150-4F5E-ADE1-3B6EA7B28F48}"
EndProject
Project("{2150E333-8FDC-42A3-9474-1A3956D46DE8}") = "Time waster problems", "Time waster problems", "{18068F54-0AD9-47B1-9603-4016F8A78E53}"
EndProject
Project("{8BC9CEB8-8B4A-11D0-8D11-00A0C91BC942}") = "Mobile casanova", "Mobile casanova\Mobile casanova.vcxproj", "{B0C155AA-1F96-4C3E-8E9C-B6A5099E9CB1}"
EndProject
Project("{2150E333-8FDC-42A3-9474-1A3956D46DE8}") = "Easy", "Easy", "{D65682F7-A5FE-4F28-AB4D-2A943D27F69F}"
EndProject
Project("{8BC9CEB8-8B4A-11D0-8D11-00A0C91BC942}") = "Event planning", "Event planning\Event planning.vcxproj", "{14394E4A-F8A5-41FC-B156-FB66280A620A}"
EndProject
Project("{8BC9CEB8-8B4A-11D0-8D11-00A0C91BC942}") = "Horror dash", "Horror dash\Horror dash.vcxproj", "{708B5096-CC20-4A7C-B84D-22F4512DD5CD}"
EndProject
Project("{2150E333-8FDC-42A3-9474-1A3956D46DE8}") = "Super easy", "Super easy", "{7DB5BB28-D6F7-4E11-9AC9-173BABAEB06F}"
EndProject
Project("{8BC9CEB8-8B4A-11D0-8D11-00A0C91BC942}") = "Division of nlogonia", "Division of nlogonia\Division of nlogonia.vcxproj", "{0A4836D6-C56F-4ECA-8217-B6495554DE07}"
EndProject
Project("{8BC9CEB8-8B4A-11D0-8D11-00A0C91BC942}") = "Relational operators", "Relational operators\Relational operators.vcxproj", "{97CFB7E4-5000-4AB6-88EB-D6C9B253FE53}"
EndProject
Project("{8BC9CEB8-8B4A-11D0-8D11-00A0C91BC942}") = "Cost cutting", "Cost cutting\Cost cutting.vcxproj", "{A4A625BE-E95E-45D3-A259-10A4EA12D9CC}"
EndProject
Global
	GlobalSection(SolutionConfigurationPlatforms) = preSolution
		Debug|x64 = Debug|x64
		Debug|x86 = Debug|x86
		Release|x64 = Release|x64
		Release|x86 = Release|x86
	EndGlobalSection
	GlobalSection(ProjectConfigurationPlatforms) = postSolution
		{067563D7-95B7-470E-92BC-FE80DDF1A225}.Debug|x64.ActiveCfg = Debug|x64
		{067563D7-95B7-470E-92BC-FE80DDF1A225}.Debug|x64.Build.0 = Debug|x64
		{067563D7-95B7-470E-92BC-FE80DDF1A225}.Debug|x86.ActiveCfg = Debug|Win32
		{067563D7-95B7-470E-92BC-FE80DDF1A225}.Debug|x86.Build.0 = Debug|Win32
		{067563D7-95B7-470E-92BC-FE80DDF1A225}.Release|x64.ActiveCfg = Release|x64
		{067563D7-95B7-470E-92BC-FE80DDF1A225}.Release|x64.Build.0 = Release|x64
		{067563D7-95B7-470E-92BC-FE80DDF1A225}.Release|x86.ActiveCfg = Release|Win32
		{067563D7-95B7-470E-92BC-FE80DDF1A225}.Release|x86.Build.0 = Release|Win32
		{51D185C3-2780-4A43-BD08-571766F03C1A}.Debug|x64.ActiveCfg = Debug|x64
		{51D185C3-2780-4A43-BD08-571766F03C1A}.Debug|x64.Build.0 = Debug|x64
		{51D185C3-2780-4A43-BD08-571766F03C1A}.Debug|x86.ActiveCfg = Debug|Win32
		{51D185C3-2780-4A43-BD08-571766F03C1A}.Debug|x86.Build.0 = Debug|Win32
		{51D185C3-2780-4A43-BD08-571766F03C1A}.Release|x64.ActiveCfg = Release|x64
		{51D185C3-2780-4A43-BD08-571766F03C1A}.Release|x64.Build.0 = Release|x64
		{51D185C3-2780-4A43-BD08-571766F03C1A}.Release|x86.ActiveCfg = Release|Win32
		{51D185C3-2780-4A43-BD08-571766F03C1A}.Release|x86.Build.0 = Release|Win32
		{31195158-BE33-450A-BFAA-B8560BB22D92}.Debug|x64.ActiveCfg = Debug|x64
		{31195158-BE33-450A-BFAA-B8560BB22D92}.Debug|x64.Build.0 = Debug|x64
		{31195158-BE33-450A-BFAA-B8560BB22D92}.Debug|x86.ActiveCfg = Debug|Win32
		{31195158-BE33-450A-BFAA-B8560BB22D92}.Debug|x86.Build.0 = Debug|Win32
		{31195158-BE33-450A-BFAA-B8560BB22D92}.Release|x64.ActiveCfg = Release|x64
		{31195158-BE33-450A-BFAA-B8560BB22D92}.Release|x64.Build.0 = Release|x64
		{31195158-BE33-450A-BFAA-B8560BB22D92}.Release|x86.ActiveCfg = Release|Win32
		{31195158-BE33-450A-BFAA-B8560BB22D92}.Release|x86.Build.0 = Release|Win32
		{DB312608-72CE-4101-A2C4-EF5A77568392}.Debug|x64.ActiveCfg = Debug|x64
		{DB312608-72CE-4101-A2C4-EF5A77568392}.Debug|x64.Build.0 = Debug|x64
		{DB312608-72CE-4101-A2C4-EF5A77568392}.Debug|x86.ActiveCfg = Debug|Win32
		{DB312608-72CE-4101-A2C4-EF5A77568392}.Debug|x86.Build.0 = Debug|Win32
		{DB312608-72CE-4101-A2C4-EF5A77568392}.Release|x64.ActiveCfg = Release|x64
		{DB312608-72CE-4101-A2C4-EF5A77568392}.Release|x64.Build.0 = Release|x64
		{DB312608-72CE-4101-A2C4-EF5A77568392}.Release|x86.ActiveCfg = Release|Win32
		{DB312608-72CE-4101-A2C4-EF5A77568392}.Release|x86.Build.0 = Release|Win32
		{9A037B30-DAE8-49E8-938B-8EF5FA76C914}.Debug|x64.ActiveCfg = Debug|x64
		{9A037B30-DAE8-49E8-938B-8EF5FA76C914}.Debug|x64.Build.0 = Debug|x64
		{9A037B30-DAE8-49E8-938B-8EF5FA76C914}.Debug|x86.ActiveCfg = Debug|Win32
		{9A037B30-DAE8-49E8-938B-8EF5FA76C914}.Debug|x86.Build.0 = Debug|Win32
		{9A037B30-DAE8-49E8-938B-8EF5FA76C914}.Release|x64.ActiveCfg = Release|x64
		{9A037B30-DAE8-49E8-938B-8EF5FA76C914}.Release|x64.Build.0 = Release|x64
		{9A037B30-DAE8-49E8-938B-8EF5FA76C914}.Release|x86.ActiveCfg = Release|Win32
		{9A037B30-DAE8-49E8-938B-8EF5FA76C914}.Release|x86.Build.0 = Release|Win32
		{8F21720A-8F17-40BF-A830-7F40F7E69E18}.Debug|x64.ActiveCfg = Debug|x64
		{8F21720A-8F17-40BF-A830-7F40F7E69E18}.Debug|x64.Build.0 = Debug|x64
		{8F21720A-8F17-40BF-A830-7F40F7E69E18}.Debug|x86.ActiveCfg = Debug|Win32
		{8F21720A-8F17-40BF-A830-7F40F7E69E18}.Debug|x86.Build.0 = Debug|Win32
		{8F21720A-8F17-40BF-A830-7F40F7E69E18}.Release|x64.ActiveCfg = Release|x64
		{8F21720A-8F17-40BF-A830-7F40F7E69E18}.Release|x64.Build.0 = Release|x64
		{8F21720A-8F17-40BF-A830-7F40F7E69E18}.Release|x86.ActiveCfg = Release|Win32
		{8F21720A-8F17-40BF-A830-7F40F7E69E18}.Release|x86.Build.0 = Release|Win32
		{1969EF21-4D9E-463C-AC73-6C4E69B64CC3}.Debug|x64.ActiveCfg = Debug|x64
		{1969EF21-4D9E-463C-AC73-6C4E69B64CC3}.Debug|x64.Build.0 = Debug|x64
		{1969EF21-4D9E-463C-AC73-6C4E69B64CC3}.Debug|x86.ActiveCfg = Debug|Win32
		{1969EF21-4D9E-463C-AC73-6C4E69B64CC3}.Debug|x86.Build.0 = Debug|Win32
		{1969EF21-4D9E-463C-AC73-6C4E69B64CC3}.Release|x64.ActiveCfg = Release|x64
		{1969EF21-4D9E-463C-AC73-6C4E69B64CC3}.Release|x64.Build.0 = Release|x64
		{1969EF21-4D9E-463C-AC73-6C4E69B64CC3}.Release|x86.ActiveCfg = Release|Win32
		{1969EF21-4D9E-463C-AC73-6C4E69B64CC3}.Release|x86.Build.0 = Release|Win32
		{EE25DA8F-C26C-4D03-82F6-BE64A098E286}.Debug|x64.ActiveCfg = Debug|x64
		{EE25DA8F-C26C-4D03-82F6-BE64A098E286}.Debug|x64.Build.0 = Debug|x64
		{EE25DA8F-C26C-4D03-82F6-BE64A098E286}.Debug|x86.ActiveCfg = Debug|Win32
		{EE25DA8F-C26C-4D03-82F6-BE64A098E286}.Debug|x86.Build.0 = Debug|Win32
		{EE25DA8F-C26C-4D03-82F6-BE64A098E286}.Release|x64.ActiveCfg = Release|x64
		{EE25DA8F-C26C-4D03-82F6-BE64A098E286}.Release|x64.Build.0 = Release|x64
		{EE25DA8F-C26C-4D03-82F6-BE64A098E286}.Release|x86.ActiveCfg = Release|Win32
		{EE25DA8F-C26C-4D03-82F6-BE64A098E286}.Release|x86.Build.0 = Release|Win32
		{0A2DF4C5-9971-4757-90DC-EBF5DADB3243}.Debug|x64.ActiveCfg = Debug|x64
		{0A2DF4C5-9971-4757-90DC-EBF5DADB3243}.Debug|x64.Build.0 = Debug|x64
		{0A2DF4C5-9971-4757-90DC-EBF5DADB3243}.Debug|x86.ActiveCfg = Debug|Win32
		{0A2DF4C5-9971-4757-90DC-EBF5DADB3243}.Debug|x86.Build.0 = Debug|Win32
		{0A2DF4C5-9971-4757-90DC-EBF5DADB3243}.Release|x64.ActiveCfg = Release|x64
		{0A2DF4C5-9971-4757-90DC-EBF5DADB3243}.Release|x64.Build.0 = Release|x64
		{0A2DF4C5-9971-4757-90DC-EBF5DADB3243}.Release|x86.ActiveCfg = Release|Win32
		{0A2DF4C5-9971-4757-90DC-EBF5DADB3243}.Release|x86.Build.0 = Release|Win32
		{3F6117C7-2F46-42BA-BD2A-75083E0962C4}.Debug|x64.ActiveCfg = Debug|x64
		{3F6117C7-2F46-42BA-BD2A-75083E0962C4}.Debug|x64.Build.0 = Debug|x64
		{3F6117C7-2F46-42BA-BD2A-75083E0962C4}.Debug|x86.ActiveCfg = Debug|Win32
		{3F6117C7-2F46-42BA-BD2A-75083E0962C4}.Debug|x86.Build.0 = Debug|Win32
		{3F6117C7-2F46-42BA-BD2A-75083E0962C4}.Release|x64.ActiveCfg = Release|x64
		{3F6117C7-2F46-42BA-BD2A-75083E0962C4}.Release|x64.Build.0 = Release|x64
		{3F6117C7-2F46-42BA-BD2A-75083E0962C4}.Release|x86.ActiveCfg = Release|Win32
		{3F6117C7-2F46-42BA-BD2A-75083E0962C4}.Release|x86.Build.0 = Release|Win32
		{860E8C58-4377-4B3B-9FDA-724A4C0B81A5}.Debug|x64.ActiveCfg = Debug|x64
		{860E8C58-4377-4B3B-9FDA-724A4C0B81A5}.Debug|x64.Build.0 = Debug|x64
		{860E8C58-4377-4B3B-9FDA-724A4C0B81A5}.Debug|x86.ActiveCfg = Debug|Win32
		{860E8C58-4377-4B3B-9FDA-724A4C0B81A5}.Debug|x86.Build.0 = Debug|Win32
		{860E8C58-4377-4B3B-9FDA-724A4C0B81A5}.Release|x64.ActiveCfg = Release|x64
		{860E8C58-4377-4B3B-9FDA-724A4C0B81A5}.Release|x64.Build.0 = Release|x64
		{860E8C58-4377-4B3B-9FDA-724A4C0B81A5}.Release|x86.ActiveCfg = Release|Win32
		{860E8C58-4377-4B3B-9FDA-724A4C0B81A5}.Release|x86.Build.0 = Release|Win32
		{65F4BAFA-988F-426E-990A-E3F9B84CA869}.Debug|x64.ActiveCfg = Debug|x64
		{65F4BAFA-988F-426E-990A-E3F9B84CA869}.Debug|x64.Build.0 = Debug|x64
		{65F4BAFA-988F-426E-990A-E3F9B84CA869}.Debug|x86.ActiveCfg = Debug|Win32
		{65F4BAFA-988F-426E-990A-E3F9B84CA869}.Debug|x86.Build.0 = Debug|Win32
		{65F4BAFA-988F-426E-990A-E3F9B84CA869}.Release|x64.ActiveCfg = Release|x64
		{65F4BAFA-988F-426E-990A-E3F9B84CA869}.Release|x64.Build.0 = Release|x64
		{65F4BAFA-988F-426E-990A-E3F9B84CA869}.Release|x86.ActiveCfg = Release|Win32
		{65F4BAFA-988F-426E-990A-E3F9B84CA869}.Release|x86.Build.0 = Release|Win32
		{B567076B-079D-4FBA-95E6-81F285A9039F}.Debug|x64.ActiveCfg = Debug|x64
		{B567076B-079D-4FBA-95E6-81F285A9039F}.Debug|x64.Build.0 = Debug|x64
		{B567076B-079D-4FBA-95E6-81F285A9039F}.Debug|x86.ActiveCfg = Debug|Win32
		{B567076B-079D-4FBA-95E6-81F285A9039F}.Debug|x86.Build.0 = Debug|Win32
		{B567076B-079D-4FBA-95E6-81F285A9039F}.Release|x64.ActiveCfg = Release|x64
		{B567076B-079D-4FBA-95E6-81F285A9039F}.Release|x64.Build.0 = Release|x64
		{B567076B-079D-4FBA-95E6-81F285A9039F}.Release|x86.ActiveCfg = Release|Win32
		{B567076B-079D-4FBA-95E6-81F285A9039F}.Release|x86.Build.0 = Release|Win32
		{A18B2535-52CE-41FE-BD62-661883F3E1F9}.Debug|x64.ActiveCfg = Debug|x64
		{A18B2535-52CE-41FE-BD62-661883F3E1F9}.Debug|x64.Build.0 = Debug|x64
		{A18B2535-52CE-41FE-BD62-661883F3E1F9}.Debug|x86.ActiveCfg = Debug|Win32
		{A18B2535-52CE-41FE-BD62-661883F3E1F9}.Debug|x86.Build.0 = Debug|Win32
		{A18B2535-52CE-41FE-BD62-661883F3E1F9}.Release|x64.ActiveCfg = Release|x64
		{A18B2535-52CE-41FE-BD62-661883F3E1F9}.Release|x64.Build.0 = Release|x64
		{A18B2535-52CE-41FE-BD62-661883F3E1F9}.Release|x86.ActiveCfg = Release|Win32
		{A18B2535-52CE-41FE-BD62-661883F3E1F9}.Release|x86.Build.0 = Release|Win32
		{706EECAD-1CF3-4033-ABA7-E45A86186DBF}.Debug|x64.ActiveCfg = Debug|x64
		{706EECAD-1CF3-4033-ABA7-E45A86186DBF}.Debug|x64.Build.0 = Debug|x64
		{706EECAD-1CF3-4033-ABA7-E45A86186DBF}.Debug|x86.ActiveCfg = Debug|Win32
		{706EECAD-1CF3-4033-ABA7-E45A86186DBF}.Debug|x86.Build.0 = Debug|Win32
		{706EECAD-1CF3-4033-ABA7-E45A86186DBF}.Release|x64.ActiveCfg = Release|x64
		{706EECAD-1CF3-4033-ABA7-E45A86186DBF}.Release|x64.Build.0 = Release|x64
		{706EECAD-1CF3-4033-ABA7-E45A86186DBF}.Release|x86.ActiveCfg = Release|Win32
		{706EECAD-1CF3-4033-ABA7-E45A86186DBF}.Release|x86.Build.0 = Release|Win32
		{BA0730F4-8E50-444E-80D3-1B32C3A0335B}.Debug|x64.ActiveCfg = Debug|x64
		{BA0730F4-8E50-444E-80D3-1B32C3A0335B}.Debug|x64.Build.0 = Debug|x64
		{BA0730F4-8E50-444E-80D3-1B32C3A0335B}.Debug|x86.ActiveCfg = Debug|Win32
		{BA0730F4-8E50-444E-80D3-1B32C3A0335B}.Debug|x86.Build.0 = Debug|Win32
		{BA0730F4-8E50-444E-80D3-1B32C3A0335B}.Release|x64.ActiveCfg = Release|x64
		{BA0730F4-8E50-444E-80D3-1B32C3A0335B}.Release|x64.Build.0 = Release|x64
		{BA0730F4-8E50-444E-80D3-1B32C3A0335B}.Release|x86.ActiveCfg = Release|Win32
		{BA0730F4-8E50-444E-80D3-1B32C3A0335B}.Release|x86.Build.0 = Release|Win32
		{B3082B0F-EF16-4D6D-90DF-7A31B4835C79}.Debug|x64.ActiveCfg = Debug|x64
		{B3082B0F-EF16-4D6D-90DF-7A31B4835C79}.Debug|x64.Build.0 = Debug|x64
		{B3082B0F-EF16-4D6D-90DF-7A31B4835C79}.Debug|x86.ActiveCfg = Debug|Win32
		{B3082B0F-EF16-4D6D-90DF-7A31B4835C79}.Debug|x86.Build.0 = Debug|Win32
		{B3082B0F-EF16-4D6D-90DF-7A31B4835C79}.Release|x64.ActiveCfg = Release|x64
		{B3082B0F-EF16-4D6D-90DF-7A31B4835C79}.Release|x64.Build.0 = Release|x64
		{B3082B0F-EF16-4D6D-90DF-7A31B4835C79}.Release|x86.ActiveCfg = Release|Win32
		{B3082B0F-EF16-4D6D-90DF-7A31B4835C79}.Release|x86.Build.0 = Release|Win32
		{B3DC5C1C-4989-4476-9FFA-558F1A0686FA}.Debug|x64.ActiveCfg = Debug|x64
		{B3DC5C1C-4989-4476-9FFA-558F1A0686FA}.Debug|x64.Build.0 = Debug|x64
		{B3DC5C1C-4989-4476-9FFA-558F1A0686FA}.Debug|x86.ActiveCfg = Debug|Win32
		{B3DC5C1C-4989-4476-9FFA-558F1A0686FA}.Debug|x86.Build.0 = Debug|Win32
		{B3DC5C1C-4989-4476-9FFA-558F1A0686FA}.Release|x64.ActiveCfg = Release|x64
		{B3DC5C1C-4989-4476-9FFA-558F1A0686FA}.Release|x64.Build.0 = Release|x64
		{B3DC5C1C-4989-4476-9FFA-558F1A0686FA}.Release|x86.ActiveCfg = Release|Win32
		{B3DC5C1C-4989-4476-9FFA-558F1A0686FA}.Release|x86.Build.0 = Release|Win32
		{E39B1053-EB23-42AC-9D0F-EF10035C9205}.Debug|x64.ActiveCfg = Debug|x64
		{E39B1053-EB23-42AC-9D0F-EF10035C9205}.Debug|x64.Build.0 = Debug|x64
		{E39B1053-EB23-42AC-9D0F-EF10035C9205}.Debug|x86.ActiveCfg = Debug|Win32
		{E39B1053-EB23-42AC-9D0F-EF10035C9205}.Debug|x86.Build.0 = Debug|Win32
		{E39B1053-EB23-42AC-9D0F-EF10035C9205}.Release|x64.ActiveCfg = Release|x64
		{E39B1053-EB23-42AC-9D0F-EF10035C9205}.Release|x64.Build.0 = Release|x64
		{E39B1053-EB23-42AC-9D0F-EF10035C9205}.Release|x86.ActiveCfg = Release|Win32
		{E39B1053-EB23-42AC-9D0F-EF10035C9205}.Release|x86.Build.0 = Release|Win32
		{ECD6EC3D-AF1C-45AE-A985-F564CF59AF53}.Debug|x64.ActiveCfg = Debug|x64
		{ECD6EC3D-AF1C-45AE-A985-F564CF59AF53}.Debug|x64.Build.0 = Debug|x64
		{ECD6EC3D-AF1C-45AE-A985-F564CF59AF53}.Debug|x86.ActiveCfg = Debug|Win32
		{ECD6EC3D-AF1C-45AE-A985-F564CF59AF53}.Debug|x86.Build.0 = Debug|Win32
		{ECD6EC3D-AF1C-45AE-A985-F564CF59AF53}.Release|x64.ActiveCfg = Release|x64
		{ECD6EC3D-AF1C-45AE-A985-F564CF59AF53}.Release|x64.Build.0 = Release|x64
		{ECD6EC3D-AF1C-45AE-A985-F564CF59AF53}.Release|x86.ActiveCfg = Release|Win32
		{ECD6EC3D-AF1C-45AE-A985-F564CF59AF53}.Release|x86.Build.0 = Release|Win32
		{C19E5E91-FB0B-4CD5-A1DA-45D3285B0445}.Debug|x64.ActiveCfg = Debug|x64
		{C19E5E91-FB0B-4CD5-A1DA-45D3285B0445}.Debug|x64.Build.0 = Debug|x64
		{C19E5E91-FB0B-4CD5-A1DA-45D3285B0445}.Debug|x86.ActiveCfg = Debug|Win32
		{C19E5E91-FB0B-4CD5-A1DA-45D3285B0445}.Debug|x86.Build.0 = Debug|Win32
		{C19E5E91-FB0B-4CD5-A1DA-45D3285B0445}.Release|x64.ActiveCfg = Release|x64
		{C19E5E91-FB0B-4CD5-A1DA-45D3285B0445}.Release|x64.Build.0 = Release|x64
		{C19E5E91-FB0B-4CD5-A1DA-45D3285B0445}.Release|x86.ActiveCfg = Release|Win32
		{C19E5E91-FB0B-4CD5-A1DA-45D3285B0445}.Release|x86.Build.0 = Release|Win32
		{11AEDC33-827C-4A3D-A507-6D3742BEE15B}.Debug|x64.ActiveCfg = Debug|x64
		{11AEDC33-827C-4A3D-A507-6D3742BEE15B}.Debug|x64.Build.0 = Debug|x64
		{11AEDC33-827C-4A3D-A507-6D3742BEE15B}.Debug|x86.ActiveCfg = Debug|Win32
		{11AEDC33-827C-4A3D-A507-6D3742BEE15B}.Debug|x86.Build.0 = Debug|Win32
		{11AEDC33-827C-4A3D-A507-6D3742BEE15B}.Release|x64.ActiveCfg = Release|x64
		{11AEDC33-827C-4A3D-A507-6D3742BEE15B}.Release|x64.Build.0 = Release|x64
		{11AEDC33-827C-4A3D-A507-6D3742BEE15B}.Release|x86.ActiveCfg = Release|Win32
		{11AEDC33-827C-4A3D-A507-6D3742BEE15B}.Release|x86.Build.0 = Release|Win32
		{4FEB98C5-41D7-4E86-92C0-4F97513BE20D}.Debug|x64.ActiveCfg = Debug|x64
		{4FEB98C5-41D7-4E86-92C0-4F97513BE20D}.Debug|x64.Build.0 = Debug|x64
		{4FEB98C5-41D7-4E86-92C0-4F97513BE20D}.Debug|x86.ActiveCfg = Debug|Win32
		{4FEB98C5-41D7-4E86-92C0-4F97513BE20D}.Debug|x86.Build.0 = Debug|Win32
		{4FEB98C5-41D7-4E86-92C0-4F97513BE20D}.Release|x64.ActiveCfg = Release|x64
		{4FEB98C5-41D7-4E86-92C0-4F97513BE20D}.Release|x64.Build.0 = Release|x64
		{4FEB98C5-41D7-4E86-92C0-4F97513BE20D}.Release|x86.ActiveCfg = Release|Win32
		{4FEB98C5-41D7-4E86-92C0-4F97513BE20D}.Release|x86.Build.0 = Release|Win32
		{0F3A40DC-F150-4F5E-ADE1-3B6EA7B28F48}.Debug|x64.ActiveCfg = Debug|x64
		{0F3A40DC-F150-4F5E-ADE1-3B6EA7B28F48}.Debug|x64.Build.0 = Debug|x64
		{0F3A40DC-F150-4F5E-ADE1-3B6EA7B28F48}.Debug|x86.ActiveCfg = Debug|Win32
		{0F3A40DC-F150-4F5E-ADE1-3B6EA7B28F48}.Debug|x86.Build.0 = Debug|Win32
		{0F3A40DC-F150-4F5E-ADE1-3B6EA7B28F48}.Release|x64.ActiveCfg = Release|x64
		{0F3A40DC-F150-4F5E-ADE1-3B6EA7B28F48}.Release|x64.Build.0 = Release|x64
		{0F3A40DC-F150-4F5E-ADE1-3B6EA7B28F48}.Release|x86.ActiveCfg = Release|Win32
		{0F3A40DC-F150-4F5E-ADE1-3B6EA7B28F48}.Release|x86.Build.0 = Release|Win32
		{B0C155AA-1F96-4C3E-8E9C-B6A5099E9CB1}.Debug|x64.ActiveCfg = Debug|x64
		{B0C155AA-1F96-4C3E-8E9C-B6A5099E9CB1}.Debug|x64.Build.0 = Debug|x64
		{B0C155AA-1F96-4C3E-8E9C-B6A5099E9CB1}.Debug|x86.ActiveCfg = Debug|Win32
		{B0C155AA-1F96-4C3E-8E9C-B6A5099E9CB1}.Debug|x86.Build.0 = Debug|Win32
		{B0C155AA-1F96-4C3E-8E9C-B6A5099E9CB1}.Release|x64.ActiveCfg = Release|x64
		{B0C155AA-1F96-4C3E-8E9C-B6A5099E9CB1}.Release|x64.Build.0 = Release|x64
		{B0C155AA-1F96-4C3E-8E9C-B6A5099E9CB1}.Release|x86.ActiveCfg = Release|Win32
		{B0C155AA-1F96-4C3E-8E9C-B6A5099E9CB1}.Release|x86.Build.0 = Release|Win32
		{14394E4A-F8A5-41FC-B156-FB66280A620A}.Debug|x64.ActiveCfg = Debug|x64
		{14394E4A-F8A5-41FC-B156-FB66280A620A}.Debug|x64.Build.0 = Debug|x64
		{14394E4A-F8A5-41FC-B156-FB66280A620A}.Debug|x86.ActiveCfg = Debug|Win32
		{14394E4A-F8A5-41FC-B156-FB66280A620A}.Debug|x86.Build.0 = Debug|Win32
		{14394E4A-F8A5-41FC-B156-FB66280A620A}.Release|x64.ActiveCfg = Release|x64
		{14394E4A-F8A5-41FC-B156-FB66280A620A}.Release|x64.Build.0 = Release|x64
		{14394E4A-F8A5-41FC-B156-FB66280A620A}.Release|x86.ActiveCfg = Release|Win32
		{14394E4A-F8A5-41FC-B156-FB66280A620A}.Release|x86.Build.0 = Release|Win32
		{708B5096-CC20-4A7C-B84D-22F4512DD5CD}.Debug|x64.ActiveCfg = Debug|x64
		{708B5096-CC20-4A7C-B84D-22F4512DD5CD}.Debug|x64.Build.0 = Debug|x64
		{708B5096-CC20-4A7C-B84D-22F4512DD5CD}.Debug|x86.ActiveCfg = Debug|Win32
		{708B5096-CC20-4A7C-B84D-22F4512DD5CD}.Debug|x86.Build.0 = Debug|Win32
		{708B5096-CC20-4A7C-B84D-22F4512DD5CD}.Release|x64.ActiveCfg = Release|x64
		{708B5096-CC20-4A7C-B84D-22F4512DD5CD}.Release|x64.Build.0 = Release|x64
		{708B5096-CC20-4A7C-B84D-22F4512DD5CD}.Release|x86.ActiveCfg = Release|Win32
		{708B5096-CC20-4A7C-B84D-22F4512DD5CD}.Release|x86.Build.0 = Release|Win32
		{0A4836D6-C56F-4ECA-8217-B6495554DE07}.Debug|x64.ActiveCfg = Debug|x64
		{0A4836D6-C56F-4ECA-8217-B6495554DE07}.Debug|x64.Build.0 = Debug|x64
		{0A4836D6-C56F-4ECA-8217-B6495554DE07}.Debug|x86.ActiveCfg = Debug|Win32
		{0A4836D6-C56F-4ECA-8217-B6495554DE07}.Debug|x86.Build.0 = Debug|Win32
		{0A4836D6-C56F-4ECA-8217-B6495554DE07}.Release|x64.ActiveCfg = Release|x64
		{0A4836D6-C56F-4ECA-8217-B6495554DE07}.Release|x64.Build.0 = Release|x64
		{0A4836D6-C56F-4ECA-8217-B6495554DE07}.Release|x86.ActiveCfg = Release|Win32
		{0A4836D6-C56F-4ECA-8217-B6495554DE07}.Release|x86.Build.0 = Release|Win32
		{97CFB7E4-5000-4AB6-88EB-D6C9B253FE53}.Debug|x64.ActiveCfg = Debug|x64
		{97CFB7E4-5000-4AB6-88EB-D6C9B253FE53}.Debug|x64.Build.0 = Debug|x64
		{97CFB7E4-5000-4AB6-88EB-D6C9B253FE53}.Debug|x86.ActiveCfg = Debug|Win32
		{97CFB7E4-5000-4AB6-88EB-D6C9B253FE53}.Debug|x86.Build.0 = Debug|Win32
		{97CFB7E4-5000-4AB6-88EB-D6C9B253FE53}.Release|x64.ActiveCfg = Release|x64
		{97CFB7E4-5000-4AB6-88EB-D6C9B253FE53}.Release|x64.Build.0 = Release|x64
		{97CFB7E4-5000-4AB6-88EB-D6C9B253FE53}.Release|x86.ActiveCfg = Release|Win32
		{97CFB7E4-5000-4AB6-88EB-D6C9B253FE53}.Release|x86.Build.0 = Release|Win32
		{A4A625BE-E95E-45D3-A259-10A4EA12D9CC}.Debug|x64.ActiveCfg = Debug|x64
		{A4A625BE-E95E-45D3-A259-10A4EA12D9CC}.Debug|x64.Build.0 = Debug|x64
		{A4A625BE-E95E-45D3-A259-10A4EA12D9CC}.Debug|x86.ActiveCfg = Debug|Win32
		{A4A625BE-E95E-45D3-A259-10A4EA12D9CC}.Debug|x86.Build.0 = Debug|Win32
		{A4A625BE-E95E-45D3-A259-10A4EA12D9CC}.Release|x64.ActiveCfg = Release|x64
		{A4A625BE-E95E-45D3-A259-10A4EA12D9CC}.Release|x64.Build.0 = Release|x64
		{A4A625BE-E95E-45D3-A259-10A4EA12D9CC}.Release|x86.ActiveCfg = Release|Win32
		{A4A625BE-E95E-45D3-A259-10A4EA12D9CC}.Release|x86.Build.0 = Release|Win32
	EndGlobalSection
	GlobalSection(SolutionProperties) = preSolution
		HideSolutionNode = FALSE
	EndGlobalSection
	GlobalSection(NestedProjects) = preSolution
		{067563D7-95B7-470E-92BC-FE80DDF1A225} = {18068F54-0AD9-47B1-9603-4016F8A78E53}
		{A5B073FA-1E25-4BB1-89B5-BE6FF7C48183} = {23FA5C8F-E6A4-4601-BA04-5FB3DAE29841}
		{51D185C3-2780-4A43-BD08-571766F03C1A} = {A5B073FA-1E25-4BB1-89B5-BE6FF7C48183}
		{31195158-BE33-450A-BFAA-B8560BB22D92} = {A5B073FA-1E25-4BB1-89B5-BE6FF7C48183}
		{DB312608-72CE-4101-A2C4-EF5A77568392} = {A5B073FA-1E25-4BB1-89B5-BE6FF7C48183}
		{5CAF2E69-7676-4C53-9369-3E285B71045B} = {23FA5C8F-E6A4-4601-BA04-5FB3DAE29841}
		{9A037B30-DAE8-49E8-938B-8EF5FA76C914} = {5CAF2E69-7676-4C53-9369-3E285B71045B}
		{8F21720A-8F17-40BF-A830-7F40F7E69E18} = {5CAF2E69-7676-4C53-9369-3E285B71045B}
		{7EEDF0CB-C67C-4CB1-92A3-CCFDE6B354BA} = {23FA5C8F-E6A4-4601-BA04-5FB3DAE29841}
		{1969EF21-4D9E-463C-AC73-6C4E69B64CC3} = {7EEDF0CB-C67C-4CB1-92A3-CCFDE6B354BA}
		{EE25DA8F-C26C-4D03-82F6-BE64A098E286} = {7EEDF0CB-C67C-4CB1-92A3-CCFDE6B354BA}
		{0A2DF4C5-9971-4757-90DC-EBF5DADB3243} = {7EEDF0CB-C67C-4CB1-92A3-CCFDE6B354BA}
		{13A1C52F-A8AF-48D9-8E65-83562A71511F} = {23FA5C8F-E6A4-4601-BA04-5FB3DAE29841}
		{3F6117C7-2F46-42BA-BD2A-75083E0962C4} = {13A1C52F-A8AF-48D9-8E65-83562A71511F}
		{860E8C58-4377-4B3B-9FDA-724A4C0B81A5} = {13A1C52F-A8AF-48D9-8E65-83562A71511F}
		{65F4BAFA-988F-426E-990A-E3F9B84CA869} = {13A1C52F-A8AF-48D9-8E65-83562A71511F}
		{B567076B-079D-4FBA-95E6-81F285A9039F} = {13A1C52F-A8AF-48D9-8E65-83562A71511F}
		{A18B2535-52CE-41FE-BD62-661883F3E1F9} = {13A1C52F-A8AF-48D9-8E65-83562A71511F}
		{31C47A3F-9228-4887-BFC8-F3E691CF3E36} = {23FA5C8F-E6A4-4601-BA04-5FB3DAE29841}
		{706EECAD-1CF3-4033-ABA7-E45A86186DBF} = {31C47A3F-9228-4887-BFC8-F3E691CF3E36}
		{BA0730F4-8E50-444E-80D3-1B32C3A0335B} = {31C47A3F-9228-4887-BFC8-F3E691CF3E36}
		{B3082B0F-EF16-4D6D-90DF-7A31B4835C79} = {31C47A3F-9228-4887-BFC8-F3E691CF3E36}
		{5F0C0D5D-DBBA-4E20-999A-B1C949F85D63} = {23FA5C8F-E6A4-4601-BA04-5FB3DAE29841}
		{B3DC5C1C-4989-4476-9FFA-558F1A0686FA} = {5F0C0D5D-DBBA-4E20-999A-B1C949F85D63}
		{E39B1053-EB23-42AC-9D0F-EF10035C9205} = {5F0C0D5D-DBBA-4E20-999A-B1C949F85D63}
		{ECD6EC3D-AF1C-45AE-A985-F564CF59AF53} = {5F0C0D5D-DBBA-4E20-999A-B1C949F85D63}
		{C19E5E91-FB0B-4CD5-A1DA-45D3285B0445} = {5F0C0D5D-DBBA-4E20-999A-B1C949F85D63}
		{11AEDC33-827C-4A3D-A507-6D3742BEE15B} = {5F0C0D5D-DBBA-4E20-999A-B1C949F85D63}
		{4FEB98C5-41D7-4E86-92C0-4F97513BE20D} = {5F0C0D5D-DBBA-4E20-999A-B1C949F85D63}
		{F04F9EA7-7A53-4E2F-AEBD-3A24DBF7C00A} = {23FA5C8F-E6A4-4601-BA04-5FB3DAE29841}
		{0F3A40DC-F150-4F5E-ADE1-3B6EA7B28F48} = {F04F9EA7-7A53-4E2F-AEBD-3A24DBF7C00A}
		{18068F54-0AD9-47B1-9603-4016F8A78E53} = {23FA5C8F-E6A4-4601-BA04-5FB3DAE29841}
		{B0C155AA-1F96-4C3E-8E9C-B6A5099E9CB1} = {18068F54-0AD9-47B1-9603-4016F8A78E53}
		{14394E4A-F8A5-41FC-B156-FB66280A620A} = {D65682F7-A5FE-4F28-AB4D-2A943D27F69F}
		{708B5096-CC20-4A7C-B84D-22F4512DD5CD} = {D65682F7-A5FE-4F28-AB4D-2A943D27F69F}
		{0A4836D6-C56F-4ECA-8217-B6495554DE07} = {7DB5BB28-D6F7-4E11-9AC9-173BABAEB06F}
		{97CFB7E4-5000-4AB6-88EB-D6C9B253FE53} = {7DB5BB28-D6F7-4E11-9AC9-173BABAEB06F}
		{A4A625BE-E95E-45D3-A259-10A4EA12D9CC} = {7DB5BB28-D6F7-4E11-9AC9-173BABAEB06F}
	EndGlobalSection
	GlobalSection(ExtensibilityGlobals) = postSolution
		SolutionGuid = {C8B9151B-58F2-4FBF-AB9C-68FDFB747B25}
	EndGlobalSection
EndGlobal
