
Microsoft Visual Studio Solution File, Format Version 12.00
# Visual Studio 15
VisualStudioVersion = 15.0.27130.0
MinimumVisualStudioVersion = 10.0.40219.1
Project("{2150E333-8FDC-42A3-9474-1A3956D46DE8}") = "Hour rank", "Hour rank", "{6FCDFCC2-9EC7-4C1A-916D-1CE1085F7238}"
EndProject
Project("{8BC9CEB8-8B4A-11D0-8D11-00A0C91BC942}") = "Strong password", "Strong password\Strong password.vcxproj", "{A978FB31-CBE9-4AC3-A42B-5E0956319379}"
EndProject
Project("{2150E333-8FDC-42A3-9474-1A3956D46DE8}") = "World codesprint 12", "World codesprint 12", "{3E545B36-3467-482C-9261-E48C0BD38EA1}"
EndProject
Project("{8BC9CEB8-8B4A-11D0-8D11-00A0C91BC942}") = "The salesman", "The salesman\The salesman.vcxproj", "{E5B942A2-6EB6-4D3C-9DDB-F9095C06B4A2}"
EndProject
Global
	GlobalSection(SolutionConfigurationPlatforms) = preSolution
		Debug|x64 = Debug|x64
		Debug|x86 = Debug|x86
		Release|x64 = Release|x64
		Release|x86 = Release|x86
	EndGlobalSection
	GlobalSection(ProjectConfigurationPlatforms) = postSolution
		{A978FB31-CBE9-4AC3-A42B-5E0956319379}.Debug|x64.ActiveCfg = Debug|x64
		{A978FB31-CBE9-4AC3-A42B-5E0956319379}.Debug|x64.Build.0 = Debug|x64
		{A978FB31-CBE9-4AC3-A42B-5E0956319379}.Debug|x86.ActiveCfg = Debug|Win32
		{A978FB31-CBE9-4AC3-A42B-5E0956319379}.Debug|x86.Build.0 = Debug|Win32
		{A978FB31-CBE9-4AC3-A42B-5E0956319379}.Release|x64.ActiveCfg = Release|x64
		{A978FB31-CBE9-4AC3-A42B-5E0956319379}.Release|x64.Build.0 = Release|x64
		{A978FB31-CBE9-4AC3-A42B-5E0956319379}.Release|x86.ActiveCfg = Release|Win32
		{A978FB31-CBE9-4AC3-A42B-5E0956319379}.Release|x86.Build.0 = Release|Win32
		{E5B942A2-6EB6-4D3C-9DDB-F9095C06B4A2}.Debug|x64.ActiveCfg = Debug|x64
		{E5B942A2-6EB6-4D3C-9DDB-F9095C06B4A2}.Debug|x64.Build.0 = Debug|x64
		{E5B942A2-6EB6-4D3C-9DDB-F9095C06B4A2}.Debug|x86.ActiveCfg = Debug|Win32
		{E5B942A2-6EB6-4D3C-9DDB-F9095C06B4A2}.Debug|x86.Build.0 = Debug|Win32
		{E5B942A2-6EB6-4D3C-9DDB-F9095C06B4A2}.Release|x64.ActiveCfg = Release|x64
		{E5B942A2-6EB6-4D3C-9DDB-F9095C06B4A2}.Release|x64.Build.0 = Release|x64
		{E5B942A2-6EB6-4D3C-9DDB-F9095C06B4A2}.Release|x86.ActiveCfg = Release|Win32
		{E5B942A2-6EB6-4D3C-9DDB-F9095C06B4A2}.Release|x86.Build.0 = Release|Win32
	EndGlobalSection
	GlobalSection(SolutionProperties) = preSolution
		HideSolutionNode = FALSE
	EndGlobalSection
	GlobalSection(NestedProjects) = preSolution
		{A978FB31-CBE9-4AC3-A42B-5E0956319379} = {6FCDFCC2-9EC7-4C1A-916D-1CE1085F7238}
		{E5B942A2-6EB6-4D3C-9DDB-F9095C06B4A2} = {3E545B36-3467-482C-9261-E48C0BD38EA1}
	EndGlobalSection
	GlobalSection(ExtensibilityGlobals) = postSolution
		SolutionGuid = {4035121B-2490-447C-B5A3-E6D098914085}
	EndGlobalSection
EndGlobal
