
Microsoft Visual Studio Solution File, Format Version 12.00
# Visual Studio 15
VisualStudioVersion = 15.0.26730.12
MinimumVisualStudioVersion = 10.0.40219.1
Project("{8BC9CEB8-8B4A-11D0-8D11-00A0C91BC942}") = "Coin game", "September circuits '17\September circuits '17.vcxproj", "{1F75EC6E-C794-4894-B3AB-3DDB46A24DF5}"
EndProject
Project("{8BC9CEB8-8B4A-11D0-8D11-00A0C91BC942}") = "Bricks and building", "Bricks and building\Bricks and building.vcxproj", "{63BD5728-5ADD-4D60-8A63-2FE4EDBDAD7A}"
EndProject
Project("{8BC9CEB8-8B4A-11D0-8D11-00A0C91BC942}") = "Little shino and k ancestors", "Little shino and k ancestors\Little shino and k ancestors.vcxproj", "{E82DAF31-CFAF-460C-AE04-D35092A0E6EF}"
EndProject
Project("{8BC9CEB8-8B4A-11D0-8D11-00A0C91BC942}") = "Little shino and number of divisors", "Little shino and number of divisors\Little shino and number of divisors.vcxproj", "{45444B8B-4D76-4F53-ACE3-26D6765AFE36}"
EndProject
Global
	GlobalSection(SolutionConfigurationPlatforms) = preSolution
		Debug|x64 = Debug|x64
		Debug|x86 = Debug|x86
		Release|x64 = Release|x64
		Release|x86 = Release|x86
	EndGlobalSection
	GlobalSection(ProjectConfigurationPlatforms) = postSolution
		{1F75EC6E-C794-4894-B3AB-3DDB46A24DF5}.Debug|x64.ActiveCfg = Debug|x64
		{1F75EC6E-C794-4894-B3AB-3DDB46A24DF5}.Debug|x64.Build.0 = Debug|x64
		{1F75EC6E-C794-4894-B3AB-3DDB46A24DF5}.Debug|x86.ActiveCfg = Debug|Win32
		{1F75EC6E-C794-4894-B3AB-3DDB46A24DF5}.Debug|x86.Build.0 = Debug|Win32
		{1F75EC6E-C794-4894-B3AB-3DDB46A24DF5}.Release|x64.ActiveCfg = Release|x64
		{1F75EC6E-C794-4894-B3AB-3DDB46A24DF5}.Release|x64.Build.0 = Release|x64
		{1F75EC6E-C794-4894-B3AB-3DDB46A24DF5}.Release|x86.ActiveCfg = Release|Win32
		{1F75EC6E-C794-4894-B3AB-3DDB46A24DF5}.Release|x86.Build.0 = Release|Win32
		{63BD5728-5ADD-4D60-8A63-2FE4EDBDAD7A}.Debug|x64.ActiveCfg = Debug|x64
		{63BD5728-5ADD-4D60-8A63-2FE4EDBDAD7A}.Debug|x64.Build.0 = Debug|x64
		{63BD5728-5ADD-4D60-8A63-2FE4EDBDAD7A}.Debug|x86.ActiveCfg = Debug|Win32
		{63BD5728-5ADD-4D60-8A63-2FE4EDBDAD7A}.Debug|x86.Build.0 = Debug|Win32
		{63BD5728-5ADD-4D60-8A63-2FE4EDBDAD7A}.Release|x64.ActiveCfg = Release|x64
		{63BD5728-5ADD-4D60-8A63-2FE4EDBDAD7A}.Release|x64.Build.0 = Release|x64
		{63BD5728-5ADD-4D60-8A63-2FE4EDBDAD7A}.Release|x86.ActiveCfg = Release|Win32
		{63BD5728-5ADD-4D60-8A63-2FE4EDBDAD7A}.Release|x86.Build.0 = Release|Win32
		{E82DAF31-CFAF-460C-AE04-D35092A0E6EF}.Debug|x64.ActiveCfg = Debug|x64
		{E82DAF31-CFAF-460C-AE04-D35092A0E6EF}.Debug|x64.Build.0 = Debug|x64
		{E82DAF31-CFAF-460C-AE04-D35092A0E6EF}.Debug|x86.ActiveCfg = Debug|Win32
		{E82DAF31-CFAF-460C-AE04-D35092A0E6EF}.Debug|x86.Build.0 = Debug|Win32
		{E82DAF31-CFAF-460C-AE04-D35092A0E6EF}.Release|x64.ActiveCfg = Release|x64
		{E82DAF31-CFAF-460C-AE04-D35092A0E6EF}.Release|x64.Build.0 = Release|x64
		{E82DAF31-CFAF-460C-AE04-D35092A0E6EF}.Release|x86.ActiveCfg = Release|Win32
		{E82DAF31-CFAF-460C-AE04-D35092A0E6EF}.Release|x86.Build.0 = Release|Win32
		{45444B8B-4D76-4F53-ACE3-26D6765AFE36}.Debug|x64.ActiveCfg = Debug|x64
		{45444B8B-4D76-4F53-ACE3-26D6765AFE36}.Debug|x64.Build.0 = Debug|x64
		{45444B8B-4D76-4F53-ACE3-26D6765AFE36}.Debug|x86.ActiveCfg = Debug|Win32
		{45444B8B-4D76-4F53-ACE3-26D6765AFE36}.Debug|x86.Build.0 = Debug|Win32
		{45444B8B-4D76-4F53-ACE3-26D6765AFE36}.Release|x64.ActiveCfg = Release|x64
		{45444B8B-4D76-4F53-ACE3-26D6765AFE36}.Release|x64.Build.0 = Release|x64
		{45444B8B-4D76-4F53-ACE3-26D6765AFE36}.Release|x86.ActiveCfg = Release|Win32
		{45444B8B-4D76-4F53-ACE3-26D6765AFE36}.Release|x86.Build.0 = Release|Win32
	EndGlobalSection
	GlobalSection(SolutionProperties) = preSolution
		HideSolutionNode = FALSE
	EndGlobalSection
	GlobalSection(ExtensibilityGlobals) = postSolution
		SolutionGuid = {59B4D5CF-AB91-4798-B8C8-40FFF96C8ABB}
	EndGlobalSection
EndGlobal
