
Microsoft Visual Studio Solution File, Format Version 12.00
# Visual Studio 15
VisualStudioVersion = 15.0.27130.2010
MinimumVisualStudioVersion = 10.0.40219.1
Project("{2150E333-8FDC-42A3-9474-1A3956D46DE8}") = "Super easy", "Super easy", "{7DB5BB28-D6F7-4E11-9AC9-173BABAEB06F}"
EndProject
Project("{8BC9CEB8-8B4A-11D0-8D11-00A0C91BC942}") = "Division of nlogonia", "Division of nlogonia\Division of nlogonia.vcxproj", "{0A4836D6-C56F-4ECA-8217-B6495554DE07}"
EndProject
Project("{8BC9CEB8-8B4A-11D0-8D11-00A0C91BC942}") = "Relational operators", "Relational operators\Relational operators.vcxproj", "{97CFB7E4-5000-4AB6-88EB-D6C9B253FE53}"
EndProject
Project("{8BC9CEB8-8B4A-11D0-8D11-00A0C91BC942}") = "Cost cutting", "Cost cutting\Cost cutting.vcxproj", "{A4A625BE-E95E-45D3-A259-10A4EA12D9CC}"
EndProject
Project("{2150E333-8FDC-42A3-9474-1A3956D46DE8}") = "Medium", "Medium", "{504DFDF5-CC78-44FF-8219-8F3168E95332}"
EndProject
Project("{8BC9CEB8-8B4A-11D0-8D11-00A0C91BC942}") = "Bender B Rodriguez", "Bender B Rodriguez\Bender B Rodriguez.vcxproj", "{9E6DA75A-E089-494B-8A9F-1B293E1F8227}"
EndProject
Project("{8BC9CEB8-8B4A-11D0-8D11-00A0C91BC942}") = "Request for proposal", "Request for proposal\Request for proposal.vcxproj", "{C5C7B81C-1769-4E2F-8916-2D5D1A498744}"
EndProject
Project("{8BC9CEB8-8B4A-11D0-8D11-00A0C91BC942}") = "The snail", "The snail\The snail.vcxproj", "{2C82A325-4C87-4A1B-AEB6-9BBACCFBE410}"
EndProject
Project("{2150E333-8FDC-42A3-9474-1A3956D46DE8}") = "Non linear DS builtin lib", "Non linear DS builtin lib", "{EB33ABF9-3009-41EA-B94B-D4B23B2CDCF9}"
EndProject
Project("{8BC9CEB8-8B4A-11D0-8D11-00A0C91BC942}") = "Hardwood species", "Hardwood species\Hardwood species.vcxproj", "{46ABA9E7-7459-46D3-A05C-01FDCF25EF74}"
EndProject
Project("{2150E333-8FDC-42A3-9474-1A3956D46DE8}") = "C++ STL map", "C++ STL map", "{9449C6C2-D4CB-4FFF-9DE1-A3FC539430BD}"
EndProject
Project("{8BC9CEB8-8B4A-11D0-8D11-00A0C91BC942}") = "Conformity", "Conformity\Conformity.vcxproj", "{E40242DB-8353-4ECD-974B-6C994784BD83}"
EndProject
Project("{8BC9CEB8-8B4A-11D0-8D11-00A0C91BC942}") = "Unique snowflakes", "Unique snowflakes\Unique snowflakes.vcxproj", "{639756B8-2372-442D-AF53-93325CFE017A}"
EndProject
Project("{2150E333-8FDC-42A3-9474-1A3956D46DE8}") = "C++ STL set", "C++ STL set", "{61278400-18F3-4062-8DF6-6A16EE1F96D4}"
EndProject
Project("{8BC9CEB8-8B4A-11D0-8D11-00A0C91BC942}") = "Lemmings battle", "Lemmings battle\Lemmings battle.vcxproj", "{C4BA4B63-6DFE-4CC6-858F-6B594B2D4D86}"
EndProject
Project("{8BC9CEB8-8B4A-11D0-8D11-00A0C91BC942}") = "Hoax or what", "Hoax or what\Hoax or what.vcxproj", "{179F51F1-0085-4831-BCA7-AB47D59BC048}"
EndProject
Project("{8BC9CEB8-8B4A-11D0-8D11-00A0C91BC942}") = "CD", "..\Books\Competitive Programming 3\chapter-2\exercises\CD\CD.vcxproj", "{B8AF12EA-D3D0-473D-8B06-38DC95076C24}"
EndProject
Project("{2150E333-8FDC-42A3-9474-1A3956D46DE8}") = "C++ STL priority_queue", "C++ STL priority_queue", "{6D40DC3C-3F85-48B3-99ED-4741FB3902EA}"
EndProject
Project("{8BC9CEB8-8B4A-11D0-8D11-00A0C91BC942}") = "Argus", "Argus\Argus.vcxproj", "{6E989B82-78F3-44A4-97F0-49FA4893F21C}"
EndProject
Project("{8BC9CEB8-8B4A-11D0-8D11-00A0C91BC942}") = "Add all", "Add all\Add all.vcxproj", "{1221B625-949E-4EC9-89A1-389398102C26}"
EndProject
Project("{8BC9CEB8-8B4A-11D0-8D11-00A0C91BC942}") = "I can guess the data structure", "I can guess the data structure\I can guess the data structure.vcxproj", "{1D625778-74F9-4ADF-9E99-32BD28B73E1A}"
EndProject
Global
	GlobalSection(SolutionConfigurationPlatforms) = preSolution
		Debug|x64 = Debug|x64
		Debug|x86 = Debug|x86
		Release|x64 = Release|x64
		Release|x86 = Release|x86
	EndGlobalSection
	GlobalSection(ProjectConfigurationPlatforms) = postSolution
		{0A4836D6-C56F-4ECA-8217-B6495554DE07}.Debug|x64.ActiveCfg = Debug|x64
		{0A4836D6-C56F-4ECA-8217-B6495554DE07}.Debug|x64.Build.0 = Debug|x64
		{0A4836D6-C56F-4ECA-8217-B6495554DE07}.Debug|x86.ActiveCfg = Debug|Win32
		{0A4836D6-C56F-4ECA-8217-B6495554DE07}.Debug|x86.Build.0 = Debug|Win32
		{0A4836D6-C56F-4ECA-8217-B6495554DE07}.Release|x64.ActiveCfg = Release|x64
		{0A4836D6-C56F-4ECA-8217-B6495554DE07}.Release|x64.Build.0 = Release|x64
		{0A4836D6-C56F-4ECA-8217-B6495554DE07}.Release|x86.ActiveCfg = Release|Win32
		{0A4836D6-C56F-4ECA-8217-B6495554DE07}.Release|x86.Build.0 = Release|Win32
		{97CFB7E4-5000-4AB6-88EB-D6C9B253FE53}.Debug|x64.ActiveCfg = Debug|x64
		{97CFB7E4-5000-4AB6-88EB-D6C9B253FE53}.Debug|x64.Build.0 = Debug|x64
		{97CFB7E4-5000-4AB6-88EB-D6C9B253FE53}.Debug|x86.ActiveCfg = Debug|Win32
		{97CFB7E4-5000-4AB6-88EB-D6C9B253FE53}.Debug|x86.Build.0 = Debug|Win32
		{97CFB7E4-5000-4AB6-88EB-D6C9B253FE53}.Release|x64.ActiveCfg = Release|x64
		{97CFB7E4-5000-4AB6-88EB-D6C9B253FE53}.Release|x64.Build.0 = Release|x64
		{97CFB7E4-5000-4AB6-88EB-D6C9B253FE53}.Release|x86.ActiveCfg = Release|Win32
		{97CFB7E4-5000-4AB6-88EB-D6C9B253FE53}.Release|x86.Build.0 = Release|Win32
		{A4A625BE-E95E-45D3-A259-10A4EA12D9CC}.Debug|x64.ActiveCfg = Debug|x64
		{A4A625BE-E95E-45D3-A259-10A4EA12D9CC}.Debug|x64.Build.0 = Debug|x64
		{A4A625BE-E95E-45D3-A259-10A4EA12D9CC}.Debug|x86.ActiveCfg = Debug|Win32
		{A4A625BE-E95E-45D3-A259-10A4EA12D9CC}.Debug|x86.Build.0 = Debug|Win32
		{A4A625BE-E95E-45D3-A259-10A4EA12D9CC}.Release|x64.ActiveCfg = Release|x64
		{A4A625BE-E95E-45D3-A259-10A4EA12D9CC}.Release|x64.Build.0 = Release|x64
		{A4A625BE-E95E-45D3-A259-10A4EA12D9CC}.Release|x86.ActiveCfg = Release|Win32
		{A4A625BE-E95E-45D3-A259-10A4EA12D9CC}.Release|x86.Build.0 = Release|Win32
		{9E6DA75A-E089-494B-8A9F-1B293E1F8227}.Debug|x64.ActiveCfg = Debug|x64
		{9E6DA75A-E089-494B-8A9F-1B293E1F8227}.Debug|x64.Build.0 = Debug|x64
		{9E6DA75A-E089-494B-8A9F-1B293E1F8227}.Debug|x86.ActiveCfg = Debug|Win32
		{9E6DA75A-E089-494B-8A9F-1B293E1F8227}.Debug|x86.Build.0 = Debug|Win32
		{9E6DA75A-E089-494B-8A9F-1B293E1F8227}.Release|x64.ActiveCfg = Release|x64
		{9E6DA75A-E089-494B-8A9F-1B293E1F8227}.Release|x64.Build.0 = Release|x64
		{9E6DA75A-E089-494B-8A9F-1B293E1F8227}.Release|x86.ActiveCfg = Release|Win32
		{9E6DA75A-E089-494B-8A9F-1B293E1F8227}.Release|x86.Build.0 = Release|Win32
		{C5C7B81C-1769-4E2F-8916-2D5D1A498744}.Debug|x64.ActiveCfg = Debug|x64
		{C5C7B81C-1769-4E2F-8916-2D5D1A498744}.Debug|x64.Build.0 = Debug|x64
		{C5C7B81C-1769-4E2F-8916-2D5D1A498744}.Debug|x86.ActiveCfg = Debug|Win32
		{C5C7B81C-1769-4E2F-8916-2D5D1A498744}.Debug|x86.Build.0 = Debug|Win32
		{C5C7B81C-1769-4E2F-8916-2D5D1A498744}.Release|x64.ActiveCfg = Release|x64
		{C5C7B81C-1769-4E2F-8916-2D5D1A498744}.Release|x64.Build.0 = Release|x64
		{C5C7B81C-1769-4E2F-8916-2D5D1A498744}.Release|x86.ActiveCfg = Release|Win32
		{C5C7B81C-1769-4E2F-8916-2D5D1A498744}.Release|x86.Build.0 = Release|Win32
		{2C82A325-4C87-4A1B-AEB6-9BBACCFBE410}.Debug|x64.ActiveCfg = Debug|x64
		{2C82A325-4C87-4A1B-AEB6-9BBACCFBE410}.Debug|x64.Build.0 = Debug|x64
		{2C82A325-4C87-4A1B-AEB6-9BBACCFBE410}.Debug|x86.ActiveCfg = Debug|Win32
		{2C82A325-4C87-4A1B-AEB6-9BBACCFBE410}.Debug|x86.Build.0 = Debug|Win32
		{2C82A325-4C87-4A1B-AEB6-9BBACCFBE410}.Release|x64.ActiveCfg = Release|x64
		{2C82A325-4C87-4A1B-AEB6-9BBACCFBE410}.Release|x64.Build.0 = Release|x64
		{2C82A325-4C87-4A1B-AEB6-9BBACCFBE410}.Release|x86.ActiveCfg = Release|Win32
		{2C82A325-4C87-4A1B-AEB6-9BBACCFBE410}.Release|x86.Build.0 = Release|Win32
		{46ABA9E7-7459-46D3-A05C-01FDCF25EF74}.Debug|x64.ActiveCfg = Debug|x64
		{46ABA9E7-7459-46D3-A05C-01FDCF25EF74}.Debug|x64.Build.0 = Debug|x64
		{46ABA9E7-7459-46D3-A05C-01FDCF25EF74}.Debug|x86.ActiveCfg = Debug|Win32
		{46ABA9E7-7459-46D3-A05C-01FDCF25EF74}.Debug|x86.Build.0 = Debug|Win32
		{46ABA9E7-7459-46D3-A05C-01FDCF25EF74}.Release|x64.ActiveCfg = Release|x64
		{46ABA9E7-7459-46D3-A05C-01FDCF25EF74}.Release|x64.Build.0 = Release|x64
		{46ABA9E7-7459-46D3-A05C-01FDCF25EF74}.Release|x86.ActiveCfg = Release|Win32
		{46ABA9E7-7459-46D3-A05C-01FDCF25EF74}.Release|x86.Build.0 = Release|Win32
		{E40242DB-8353-4ECD-974B-6C994784BD83}.Debug|x64.ActiveCfg = Debug|x64
		{E40242DB-8353-4ECD-974B-6C994784BD83}.Debug|x64.Build.0 = Debug|x64
		{E40242DB-8353-4ECD-974B-6C994784BD83}.Debug|x86.ActiveCfg = Debug|Win32
		{E40242DB-8353-4ECD-974B-6C994784BD83}.Debug|x86.Build.0 = Debug|Win32
		{E40242DB-8353-4ECD-974B-6C994784BD83}.Release|x64.ActiveCfg = Release|x64
		{E40242DB-8353-4ECD-974B-6C994784BD83}.Release|x64.Build.0 = Release|x64
		{E40242DB-8353-4ECD-974B-6C994784BD83}.Release|x86.ActiveCfg = Release|Win32
		{E40242DB-8353-4ECD-974B-6C994784BD83}.Release|x86.Build.0 = Release|Win32
		{639756B8-2372-442D-AF53-93325CFE017A}.Debug|x64.ActiveCfg = Debug|x64
		{639756B8-2372-442D-AF53-93325CFE017A}.Debug|x64.Build.0 = Debug|x64
		{639756B8-2372-442D-AF53-93325CFE017A}.Debug|x86.ActiveCfg = Debug|Win32
		{639756B8-2372-442D-AF53-93325CFE017A}.Debug|x86.Build.0 = Debug|Win32
		{639756B8-2372-442D-AF53-93325CFE017A}.Release|x64.ActiveCfg = Release|x64
		{639756B8-2372-442D-AF53-93325CFE017A}.Release|x64.Build.0 = Release|x64
		{639756B8-2372-442D-AF53-93325CFE017A}.Release|x86.ActiveCfg = Release|Win32
		{639756B8-2372-442D-AF53-93325CFE017A}.Release|x86.Build.0 = Release|Win32
		{C4BA4B63-6DFE-4CC6-858F-6B594B2D4D86}.Debug|x64.ActiveCfg = Debug|x64
		{C4BA4B63-6DFE-4CC6-858F-6B594B2D4D86}.Debug|x64.Build.0 = Debug|x64
		{C4BA4B63-6DFE-4CC6-858F-6B594B2D4D86}.Debug|x86.ActiveCfg = Debug|Win32
		{C4BA4B63-6DFE-4CC6-858F-6B594B2D4D86}.Debug|x86.Build.0 = Debug|Win32
		{C4BA4B63-6DFE-4CC6-858F-6B594B2D4D86}.Release|x64.ActiveCfg = Release|x64
		{C4BA4B63-6DFE-4CC6-858F-6B594B2D4D86}.Release|x64.Build.0 = Release|x64
		{C4BA4B63-6DFE-4CC6-858F-6B594B2D4D86}.Release|x86.ActiveCfg = Release|Win32
		{C4BA4B63-6DFE-4CC6-858F-6B594B2D4D86}.Release|x86.Build.0 = Release|Win32
		{179F51F1-0085-4831-BCA7-AB47D59BC048}.Debug|x64.ActiveCfg = Debug|x64
		{179F51F1-0085-4831-BCA7-AB47D59BC048}.Debug|x64.Build.0 = Debug|x64
		{179F51F1-0085-4831-BCA7-AB47D59BC048}.Debug|x86.ActiveCfg = Debug|Win32
		{179F51F1-0085-4831-BCA7-AB47D59BC048}.Debug|x86.Build.0 = Debug|Win32
		{179F51F1-0085-4831-BCA7-AB47D59BC048}.Release|x64.ActiveCfg = Release|x64
		{179F51F1-0085-4831-BCA7-AB47D59BC048}.Release|x64.Build.0 = Release|x64
		{179F51F1-0085-4831-BCA7-AB47D59BC048}.Release|x86.ActiveCfg = Release|Win32
		{179F51F1-0085-4831-BCA7-AB47D59BC048}.Release|x86.Build.0 = Release|Win32
		{B8AF12EA-D3D0-473D-8B06-38DC95076C24}.Debug|x64.ActiveCfg = Debug|x64
		{B8AF12EA-D3D0-473D-8B06-38DC95076C24}.Debug|x64.Build.0 = Debug|x64
		{B8AF12EA-D3D0-473D-8B06-38DC95076C24}.Debug|x86.ActiveCfg = Debug|Win32
		{B8AF12EA-D3D0-473D-8B06-38DC95076C24}.Debug|x86.Build.0 = Debug|Win32
		{B8AF12EA-D3D0-473D-8B06-38DC95076C24}.Release|x64.ActiveCfg = Release|x64
		{B8AF12EA-D3D0-473D-8B06-38DC95076C24}.Release|x64.Build.0 = Release|x64
		{B8AF12EA-D3D0-473D-8B06-38DC95076C24}.Release|x86.ActiveCfg = Release|Win32
		{B8AF12EA-D3D0-473D-8B06-38DC95076C24}.Release|x86.Build.0 = Release|Win32
		{6E989B82-78F3-44A4-97F0-49FA4893F21C}.Debug|x64.ActiveCfg = Debug|x64
		{6E989B82-78F3-44A4-97F0-49FA4893F21C}.Debug|x64.Build.0 = Debug|x64
		{6E989B82-78F3-44A4-97F0-49FA4893F21C}.Debug|x86.ActiveCfg = Debug|Win32
		{6E989B82-78F3-44A4-97F0-49FA4893F21C}.Debug|x86.Build.0 = Debug|Win32
		{6E989B82-78F3-44A4-97F0-49FA4893F21C}.Release|x64.ActiveCfg = Release|x64
		{6E989B82-78F3-44A4-97F0-49FA4893F21C}.Release|x64.Build.0 = Release|x64
		{6E989B82-78F3-44A4-97F0-49FA4893F21C}.Release|x86.ActiveCfg = Release|Win32
		{6E989B82-78F3-44A4-97F0-49FA4893F21C}.Release|x86.Build.0 = Release|Win32
		{1221B625-949E-4EC9-89A1-389398102C26}.Debug|x64.ActiveCfg = Debug|x64
		{1221B625-949E-4EC9-89A1-389398102C26}.Debug|x64.Build.0 = Debug|x64
		{1221B625-949E-4EC9-89A1-389398102C26}.Debug|x86.ActiveCfg = Debug|Win32
		{1221B625-949E-4EC9-89A1-389398102C26}.Debug|x86.Build.0 = Debug|Win32
		{1221B625-949E-4EC9-89A1-389398102C26}.Release|x64.ActiveCfg = Release|x64
		{1221B625-949E-4EC9-89A1-389398102C26}.Release|x64.Build.0 = Release|x64
		{1221B625-949E-4EC9-89A1-389398102C26}.Release|x86.ActiveCfg = Release|Win32
		{1221B625-949E-4EC9-89A1-389398102C26}.Release|x86.Build.0 = Release|Win32
		{1D625778-74F9-4ADF-9E99-32BD28B73E1A}.Debug|x64.ActiveCfg = Debug|x64
		{1D625778-74F9-4ADF-9E99-32BD28B73E1A}.Debug|x64.Build.0 = Debug|x64
		{1D625778-74F9-4ADF-9E99-32BD28B73E1A}.Debug|x86.ActiveCfg = Debug|Win32
		{1D625778-74F9-4ADF-9E99-32BD28B73E1A}.Debug|x86.Build.0 = Debug|Win32
		{1D625778-74F9-4ADF-9E99-32BD28B73E1A}.Release|x64.ActiveCfg = Release|x64
		{1D625778-74F9-4ADF-9E99-32BD28B73E1A}.Release|x64.Build.0 = Release|x64
		{1D625778-74F9-4ADF-9E99-32BD28B73E1A}.Release|x86.ActiveCfg = Release|Win32
		{1D625778-74F9-4ADF-9E99-32BD28B73E1A}.Release|x86.Build.0 = Release|Win32
	EndGlobalSection
	GlobalSection(SolutionProperties) = preSolution
		HideSolutionNode = FALSE
	EndGlobalSection
	GlobalSection(NestedProjects) = preSolution
		{0A4836D6-C56F-4ECA-8217-B6495554DE07} = {7DB5BB28-D6F7-4E11-9AC9-173BABAEB06F}
		{97CFB7E4-5000-4AB6-88EB-D6C9B253FE53} = {7DB5BB28-D6F7-4E11-9AC9-173BABAEB06F}
		{A4A625BE-E95E-45D3-A259-10A4EA12D9CC} = {7DB5BB28-D6F7-4E11-9AC9-173BABAEB06F}
		{9E6DA75A-E089-494B-8A9F-1B293E1F8227} = {504DFDF5-CC78-44FF-8219-8F3168E95332}
		{C5C7B81C-1769-4E2F-8916-2D5D1A498744} = {504DFDF5-CC78-44FF-8219-8F3168E95332}
		{2C82A325-4C87-4A1B-AEB6-9BBACCFBE410} = {504DFDF5-CC78-44FF-8219-8F3168E95332}
		{46ABA9E7-7459-46D3-A05C-01FDCF25EF74} = {9449C6C2-D4CB-4FFF-9DE1-A3FC539430BD}
		{9449C6C2-D4CB-4FFF-9DE1-A3FC539430BD} = {EB33ABF9-3009-41EA-B94B-D4B23B2CDCF9}
		{E40242DB-8353-4ECD-974B-6C994784BD83} = {9449C6C2-D4CB-4FFF-9DE1-A3FC539430BD}
		{639756B8-2372-442D-AF53-93325CFE017A} = {9449C6C2-D4CB-4FFF-9DE1-A3FC539430BD}
		{61278400-18F3-4062-8DF6-6A16EE1F96D4} = {EB33ABF9-3009-41EA-B94B-D4B23B2CDCF9}
		{C4BA4B63-6DFE-4CC6-858F-6B594B2D4D86} = {61278400-18F3-4062-8DF6-6A16EE1F96D4}
		{179F51F1-0085-4831-BCA7-AB47D59BC048} = {61278400-18F3-4062-8DF6-6A16EE1F96D4}
		{B8AF12EA-D3D0-473D-8B06-38DC95076C24} = {61278400-18F3-4062-8DF6-6A16EE1F96D4}
		{6D40DC3C-3F85-48B3-99ED-4741FB3902EA} = {EB33ABF9-3009-41EA-B94B-D4B23B2CDCF9}
		{6E989B82-78F3-44A4-97F0-49FA4893F21C} = {6D40DC3C-3F85-48B3-99ED-4741FB3902EA}
		{1221B625-949E-4EC9-89A1-389398102C26} = {6D40DC3C-3F85-48B3-99ED-4741FB3902EA}
		{1D625778-74F9-4ADF-9E99-32BD28B73E1A} = {6D40DC3C-3F85-48B3-99ED-4741FB3902EA}
	EndGlobalSection
	GlobalSection(ExtensibilityGlobals) = postSolution
		SolutionGuid = {C8B9151B-58F2-4FBF-AB9C-68FDFB747B25}
	EndGlobalSection
EndGlobal
