
Microsoft Visual Studio Solution File, Format Version 12.00
# Visual Studio 15
VisualStudioVersion = 15.0.27703.2000
MinimumVisualStudioVersion = 10.0.40219.1
Project("{2150E333-8FDC-42A3-9474-1A3956D46DE8}") = "Super easy", "Super easy", "{7DB5BB28-D6F7-4E11-9AC9-173BABAEB06F}"
EndProject
Project("{8BC9CEB8-8B4A-11D0-8D11-00A0C91BC942}") = "Division of nlogonia", "Division of nlogonia\Division of nlogonia.vcxproj", "{0A4836D6-C56F-4ECA-8217-B6495554DE07}"
EndProject
Project("{8BC9CEB8-8B4A-11D0-8D11-00A0C91BC942}") = "Relational operators", "Relational operators\Relational operators.vcxproj", "{97CFB7E4-5000-4AB6-88EB-D6C9B253FE53}"
EndProject
Project("{8BC9CEB8-8B4A-11D0-8D11-00A0C91BC942}") = "Cost cutting", "Cost cutting\Cost cutting.vcxproj", "{A4A625BE-E95E-45D3-A259-10A4EA12D9CC}"
EndProject
Global
	GlobalSection(SolutionConfigurationPlatforms) = preSolution
		Debug|x64 = Debug|x64
		Debug|x86 = Debug|x86
		Release|x64 = Release|x64
		Release|x86 = Release|x86
	EndGlobalSection
	GlobalSection(ProjectConfigurationPlatforms) = postSolution
		{0A4836D6-C56F-4ECA-8217-B6495554DE07}.Debug|x64.ActiveCfg = Debug|x64
		{0A4836D6-C56F-4ECA-8217-B6495554DE07}.Debug|x64.Build.0 = Debug|x64
		{0A4836D6-C56F-4ECA-8217-B6495554DE07}.Debug|x86.ActiveCfg = Debug|Win32
		{0A4836D6-C56F-4ECA-8217-B6495554DE07}.Debug|x86.Build.0 = Debug|Win32
		{0A4836D6-C56F-4ECA-8217-B6495554DE07}.Release|x64.ActiveCfg = Release|x64
		{0A4836D6-C56F-4ECA-8217-B6495554DE07}.Release|x64.Build.0 = Release|x64
		{0A4836D6-C56F-4ECA-8217-B6495554DE07}.Release|x86.ActiveCfg = Release|Win32
		{0A4836D6-C56F-4ECA-8217-B6495554DE07}.Release|x86.Build.0 = Release|Win32
		{97CFB7E4-5000-4AB6-88EB-D6C9B253FE53}.Debug|x64.ActiveCfg = Debug|x64
		{97CFB7E4-5000-4AB6-88EB-D6C9B253FE53}.Debug|x64.Build.0 = Debug|x64
		{97CFB7E4-5000-4AB6-88EB-D6C9B253FE53}.Debug|x86.ActiveCfg = Debug|Win32
		{97CFB7E4-5000-4AB6-88EB-D6C9B253FE53}.Debug|x86.Build.0 = Debug|Win32
		{97CFB7E4-5000-4AB6-88EB-D6C9B253FE53}.Release|x64.ActiveCfg = Release|x64
		{97CFB7E4-5000-4AB6-88EB-D6C9B253FE53}.Release|x64.Build.0 = Release|x64
		{97CFB7E4-5000-4AB6-88EB-D6C9B253FE53}.Release|x86.ActiveCfg = Release|Win32
		{97CFB7E4-5000-4AB6-88EB-D6C9B253FE53}.Release|x86.Build.0 = Release|Win32
		{A4A625BE-E95E-45D3-A259-10A4EA12D9CC}.Debug|x64.ActiveCfg = Debug|x64
		{A4A625BE-E95E-45D3-A259-10A4EA12D9CC}.Debug|x64.Build.0 = Debug|x64
		{A4A625BE-E95E-45D3-A259-10A4EA12D9CC}.Debug|x86.ActiveCfg = Debug|Win32
		{A4A625BE-E95E-45D3-A259-10A4EA12D9CC}.Debug|x86.Build.0 = Debug|Win32
		{A4A625BE-E95E-45D3-A259-10A4EA12D9CC}.Release|x64.ActiveCfg = Release|x64
		{A4A625BE-E95E-45D3-A259-10A4EA12D9CC}.Release|x64.Build.0 = Release|x64
		{A4A625BE-E95E-45D3-A259-10A4EA12D9CC}.Release|x86.ActiveCfg = Release|Win32
		{A4A625BE-E95E-45D3-A259-10A4EA12D9CC}.Release|x86.Build.0 = Release|Win32
	EndGlobalSection
	GlobalSection(SolutionProperties) = preSolution
		HideSolutionNode = FALSE
	EndGlobalSection
	GlobalSection(NestedProjects) = preSolution
		{0A4836D6-C56F-4ECA-8217-B6495554DE07} = {7DB5BB28-D6F7-4E11-9AC9-173BABAEB06F}
		{97CFB7E4-5000-4AB6-88EB-D6C9B253FE53} = {7DB5BB28-D6F7-4E11-9AC9-173BABAEB06F}
		{A4A625BE-E95E-45D3-A259-10A4EA12D9CC} = {7DB5BB28-D6F7-4E11-9AC9-173BABAEB06F}
	EndGlobalSection
	GlobalSection(ExtensibilityGlobals) = postSolution
		SolutionGuid = {C8B9151B-58F2-4FBF-AB9C-68FDFB747B25}
	EndGlobalSection
EndGlobal
