
Microsoft Visual Studio Solution File, Format Version 12.00
# Visual Studio 15
VisualStudioVersion = 15.0.26730.12
MinimumVisualStudioVersion = 10.0.40219.1
Project("{8BC9CEB8-8B4A-11D0-8D11-00A0C91BC942}") = "Jolly jumpers", "Jolly jumpers\Jolly jumpers.vcxproj", "{8CB52218-B2C6-401F-92F8-2602F91E5C4C}"
EndProject
Project("{2150E333-8FDC-42A3-9474-1A3956D46DE8}") = "1D array manipulation", "1D array manipulation", "{D29296F4-6154-49FF-BB50-9C92098B7D6C}"
EndProject
Project("{8BC9CEB8-8B4A-11D0-8D11-00A0C91BC942}") = "Newspaper", "Newspaper\Newspaper.vcxproj", "{3C67C53D-7F1E-4EB8-A67F-00F7D6C32CE4}"
EndProject
Project("{8BC9CEB8-8B4A-11D0-8D11-00A0C91BC942}") = "Army buddies", "Army buddies\Army buddies.vcxproj", "{443EA3C6-0D48-41AE-90F9-B79A4CD2AFF3}"
EndProject
Project("{2150E333-8FDC-42A3-9474-1A3956D46DE8}") = "2D array manipulation", "2D array manipulation", "{3689B005-CCCD-4114-B25E-60FE6972C83C}"
EndProject
Project("{8BC9CEB8-8B4A-11D0-8D11-00A0C91BC942}") = "Rotated squares", "Rotated squares\Rotated squares.vcxproj", "{2EA3B5CE-2787-420D-A6BF-E9BB45154E35}"
EndProject
Project("{8BC9CEB8-8B4A-11D0-8D11-00A0C91BC942}") = "Spiral tap", "Spiral tap\Spiral tap.vcxproj", "{03625F2B-B106-4A35-A0D4-A908FA2B6F19}"
EndProject
Global
	GlobalSection(SolutionConfigurationPlatforms) = preSolution
		Debug|x64 = Debug|x64
		Debug|x86 = Debug|x86
		Release|x64 = Release|x64
		Release|x86 = Release|x86
	EndGlobalSection
	GlobalSection(ProjectConfigurationPlatforms) = postSolution
		{8CB52218-B2C6-401F-92F8-2602F91E5C4C}.Debug|x64.ActiveCfg = Debug|x64
		{8CB52218-B2C6-401F-92F8-2602F91E5C4C}.Debug|x64.Build.0 = Debug|x64
		{8CB52218-B2C6-401F-92F8-2602F91E5C4C}.Debug|x86.ActiveCfg = Debug|Win32
		{8CB52218-B2C6-401F-92F8-2602F91E5C4C}.Debug|x86.Build.0 = Debug|Win32
		{8CB52218-B2C6-401F-92F8-2602F91E5C4C}.Release|x64.ActiveCfg = Release|x64
		{8CB52218-B2C6-401F-92F8-2602F91E5C4C}.Release|x64.Build.0 = Release|x64
		{8CB52218-B2C6-401F-92F8-2602F91E5C4C}.Release|x86.ActiveCfg = Release|Win32
		{8CB52218-B2C6-401F-92F8-2602F91E5C4C}.Release|x86.Build.0 = Release|Win32
		{3C67C53D-7F1E-4EB8-A67F-00F7D6C32CE4}.Debug|x64.ActiveCfg = Debug|x64
		{3C67C53D-7F1E-4EB8-A67F-00F7D6C32CE4}.Debug|x64.Build.0 = Debug|x64
		{3C67C53D-7F1E-4EB8-A67F-00F7D6C32CE4}.Debug|x86.ActiveCfg = Debug|Win32
		{3C67C53D-7F1E-4EB8-A67F-00F7D6C32CE4}.Debug|x86.Build.0 = Debug|Win32
		{3C67C53D-7F1E-4EB8-A67F-00F7D6C32CE4}.Release|x64.ActiveCfg = Release|x64
		{3C67C53D-7F1E-4EB8-A67F-00F7D6C32CE4}.Release|x64.Build.0 = Release|x64
		{3C67C53D-7F1E-4EB8-A67F-00F7D6C32CE4}.Release|x86.ActiveCfg = Release|Win32
		{3C67C53D-7F1E-4EB8-A67F-00F7D6C32CE4}.Release|x86.Build.0 = Release|Win32
		{443EA3C6-0D48-41AE-90F9-B79A4CD2AFF3}.Debug|x64.ActiveCfg = Debug|x64
		{443EA3C6-0D48-41AE-90F9-B79A4CD2AFF3}.Debug|x64.Build.0 = Debug|x64
		{443EA3C6-0D48-41AE-90F9-B79A4CD2AFF3}.Debug|x86.ActiveCfg = Debug|Win32
		{443EA3C6-0D48-41AE-90F9-B79A4CD2AFF3}.Debug|x86.Build.0 = Debug|Win32
		{443EA3C6-0D48-41AE-90F9-B79A4CD2AFF3}.Release|x64.ActiveCfg = Release|x64
		{443EA3C6-0D48-41AE-90F9-B79A4CD2AFF3}.Release|x64.Build.0 = Release|x64
		{443EA3C6-0D48-41AE-90F9-B79A4CD2AFF3}.Release|x86.ActiveCfg = Release|Win32
		{443EA3C6-0D48-41AE-90F9-B79A4CD2AFF3}.Release|x86.Build.0 = Release|Win32
		{2EA3B5CE-2787-420D-A6BF-E9BB45154E35}.Debug|x64.ActiveCfg = Debug|x64
		{2EA3B5CE-2787-420D-A6BF-E9BB45154E35}.Debug|x64.Build.0 = Debug|x64
		{2EA3B5CE-2787-420D-A6BF-E9BB45154E35}.Debug|x86.ActiveCfg = Debug|Win32
		{2EA3B5CE-2787-420D-A6BF-E9BB45154E35}.Debug|x86.Build.0 = Debug|Win32
		{2EA3B5CE-2787-420D-A6BF-E9BB45154E35}.Release|x64.ActiveCfg = Release|x64
		{2EA3B5CE-2787-420D-A6BF-E9BB45154E35}.Release|x64.Build.0 = Release|x64
		{2EA3B5CE-2787-420D-A6BF-E9BB45154E35}.Release|x86.ActiveCfg = Release|Win32
		{2EA3B5CE-2787-420D-A6BF-E9BB45154E35}.Release|x86.Build.0 = Release|Win32
		{03625F2B-B106-4A35-A0D4-A908FA2B6F19}.Debug|x64.ActiveCfg = Debug|x64
		{03625F2B-B106-4A35-A0D4-A908FA2B6F19}.Debug|x64.Build.0 = Debug|x64
		{03625F2B-B106-4A35-A0D4-A908FA2B6F19}.Debug|x86.ActiveCfg = Debug|Win32
		{03625F2B-B106-4A35-A0D4-A908FA2B6F19}.Debug|x86.Build.0 = Debug|Win32
		{03625F2B-B106-4A35-A0D4-A908FA2B6F19}.Release|x64.ActiveCfg = Release|x64
		{03625F2B-B106-4A35-A0D4-A908FA2B6F19}.Release|x64.Build.0 = Release|x64
		{03625F2B-B106-4A35-A0D4-A908FA2B6F19}.Release|x86.ActiveCfg = Release|Win32
		{03625F2B-B106-4A35-A0D4-A908FA2B6F19}.Release|x86.Build.0 = Release|Win32
	EndGlobalSection
	GlobalSection(SolutionProperties) = preSolution
		HideSolutionNode = FALSE
	EndGlobalSection
	GlobalSection(NestedProjects) = preSolution
		{8CB52218-B2C6-401F-92F8-2602F91E5C4C} = {D29296F4-6154-49FF-BB50-9C92098B7D6C}
		{3C67C53D-7F1E-4EB8-A67F-00F7D6C32CE4} = {D29296F4-6154-49FF-BB50-9C92098B7D6C}
		{443EA3C6-0D48-41AE-90F9-B79A4CD2AFF3} = {D29296F4-6154-49FF-BB50-9C92098B7D6C}
		{2EA3B5CE-2787-420D-A6BF-E9BB45154E35} = {3689B005-CCCD-4114-B25E-60FE6972C83C}
		{03625F2B-B106-4A35-A0D4-A908FA2B6F19} = {3689B005-CCCD-4114-B25E-60FE6972C83C}
	EndGlobalSection
	GlobalSection(ExtensibilityGlobals) = postSolution
		SolutionGuid = {30B47C5A-14EC-4837-A6AF-18842103B098}
	EndGlobalSection
EndGlobal
