
Microsoft Visual Studio Solution File, Format Version 12.00
# Visual Studio 15
VisualStudioVersion = 15.0.27004.2005
MinimumVisualStudioVersion = 10.0.40219.1
Project("{2150E333-8FDC-42A3-9474-1A3956D46DE8}") = "exercise-2.3.5", "exercise-2.3.5", "{CDE37AD9-72F2-4F47-B2E1-0DB2CDAAC3DC}"
EndProject
Project("{8BC9CEB8-8B4A-11D0-8D11-00A0C91BC942}") = "CD", "CD\CD.vcxproj", "{B8AF12EA-D3D0-473D-8B06-38DC95076C24}"
EndProject
Global
	GlobalSection(SolutionConfigurationPlatforms) = preSolution
		Debug|x64 = Debug|x64
		Debug|x86 = Debug|x86
		Release|x64 = Release|x64
		Release|x86 = Release|x86
	EndGlobalSection
	GlobalSection(ProjectConfigurationPlatforms) = postSolution
		{B8AF12EA-D3D0-473D-8B06-38DC95076C24}.Debug|x64.ActiveCfg = Debug|x64
		{B8AF12EA-D3D0-473D-8B06-38DC95076C24}.Debug|x64.Build.0 = Debug|x64
		{B8AF12EA-D3D0-473D-8B06-38DC95076C24}.Debug|x86.ActiveCfg = Debug|Win32
		{B8AF12EA-D3D0-473D-8B06-38DC95076C24}.Debug|x86.Build.0 = Debug|Win32
		{B8AF12EA-D3D0-473D-8B06-38DC95076C24}.Release|x64.ActiveCfg = Release|x64
		{B8AF12EA-D3D0-473D-8B06-38DC95076C24}.Release|x64.Build.0 = Release|x64
		{B8AF12EA-D3D0-473D-8B06-38DC95076C24}.Release|x86.ActiveCfg = Release|Win32
		{B8AF12EA-D3D0-473D-8B06-38DC95076C24}.Release|x86.Build.0 = Release|Win32
	EndGlobalSection
	GlobalSection(SolutionProperties) = preSolution
		HideSolutionNode = FALSE
	EndGlobalSection
	GlobalSection(NestedProjects) = preSolution
		{B8AF12EA-D3D0-473D-8B06-38DC95076C24} = {CDE37AD9-72F2-4F47-B2E1-0DB2CDAAC3DC}
	EndGlobalSection
	GlobalSection(ExtensibilityGlobals) = postSolution
		SolutionGuid = {2DEED22E-5F31-4BCC-9F63-05C8CD879CF3}
	EndGlobalSection
EndGlobal
